// !$*UTF8*$!
{
	archiveVersion = 1;
	classes = {
	};
	objectVersion = 46;
	objects = {

/* Begin PBXBuildFile section */
		19BD476F1AAD5BA600D44A9D /* main.m in Sources */ = {isa = PBXBuildFile; fileRef = 19BD476E1AAD5BA600D44A9D /* main.m */; };
		19BD47721AAD5BA600D44A9D /* AppDelegate.m in Sources */ = {isa = PBXBuildFile; fileRef = 19BD47711AAD5BA600D44A9D /* AppDelegate.m */; };
		19BD47751AAD5BA600D44A9D /* ViewController.m in Sources */ = {isa = PBXBuildFile; fileRef = 19BD47741AAD5BA600D44A9D /* ViewController.m */; };
		19BD47781AAD5BA600D44A9D /* Main.storyboard in Resources */ = {isa = PBXBuildFile; fileRef = 19BD47761AAD5BA600D44A9D /* Main.storyboard */; };
		19BD477A1AAD5BA600D44A9D /* Images.xcassets in Resources */ = {isa = PBXBuildFile; fileRef = 19BD47791AAD5BA600D44A9D /* Images.xcassets */; };
		19BD477D1AAD5BA600D44A9D /* LaunchScreen.xib in Resources */ = {isa = PBXBuildFile; fileRef = 19BD477B1AAD5BA600D44A9D /* LaunchScreen.xib */; };
		19BD47891AAD5BA600D44A9D /* angerPraiseTests.m in Sources */ = {isa = PBXBuildFile; fileRef = 19BD47881AAD5BA600D44A9D /* angerPraiseTests.m */; };
		19BD47991AAD7BBC00D44A9D /* HomeViewControllers.m in Sources */ = {isa = PBXBuildFile; fileRef = 19BD47981AAD7BBC00D44A9D /* HomeViewControllers.m */; };
		19BD479C1AAD7BC600D44A9D /* User.m in Sources */ = {isa = PBXBuildFile; fileRef = 19BD479B1AAD7BC600D44A9D /* User.m */; };
		19BD47B41AB060D800D44A9D /* RKCardView.m in Sources */ = {isa = PBXBuildFile; fileRef = 19BD47B31AB060D800D44A9D /* RKCardView.m */; };
		19BD47B71AB060FE00D44A9D /* UserViewController.m in Sources */ = {isa = PBXBuildFile; fileRef = 19BD47B61AB060FE00D44A9D /* UserViewController.m */; };
		DF015BF41AAE920D00159C7B /* ImportResumeViewController.m in Sources */ = {isa = PBXBuildFile; fileRef = DF015BF31AAE920D00159C7B /* ImportResumeViewController.m */; };
		DF015BF71AAE95FB00159C7B /* VirtualImportViewController.m in Sources */ = {isa = PBXBuildFile; fileRef = DF015BF61AAE95FB00159C7B /* VirtualImportViewController.m */; };
		DF360C631AAD7EB20090FF51 /* LoginViewController.m in Sources */ = {isa = PBXBuildFile; fileRef = DF360C621AAD7EB20090FF51 /* LoginViewController.m */; };
		DF360C661AAD7ED10090FF51 /* RegisterViewController.m in Sources */ = {isa = PBXBuildFile; fileRef = DF360C651AAD7ED10090FF51 /* RegisterViewController.m */; };
		DF826CAD1AAECCF200EAC61F /* MYBlurIntroductionView.m in Sources */ = {isa = PBXBuildFile; fileRef = DF826C981AAECCF200EAC61F /* MYBlurIntroductionView.m */; };
		DF826CAE1AAECCF200EAC61F /* MYIntroductionPanel.m in Sources */ = {isa = PBXBuildFile; fileRef = DF826C9A1AAECCF200EAC61F /* MYIntroductionPanel.m */; };
		DF826CAF1AAECCF200EAC61F /* iOS Simulator Screen shot Oct 17, 2013 4.51.36 PM.png in Resources */ = {isa = PBXBuildFile; fileRef = DF826C9E1AAECCF200EAC61F /* iOS Simulator Screen shot Oct 17, 2013 4.51.36 PM.png */; };
		DF826CB01AAECCF200EAC61F /* iOS Simulator Screen shot Oct 17, 2013 4.51.39 PM.png in Resources */ = {isa = PBXBuildFile; fileRef = DF826C9F1AAECCF200EAC61F /* iOS Simulator Screen shot Oct 17, 2013 4.51.39 PM.png */; };
		DF826CB11AAECCF200EAC61F /* iOS Simulator Screen shot Oct 17, 2013 4.51.41 PM.png in Resources */ = {isa = PBXBuildFile; fileRef = DF826CA01AAECCF200EAC61F /* iOS Simulator Screen shot Oct 17, 2013 4.51.41 PM.png */; };
		DF826CB21AAECCF200EAC61F /* iOS Simulator Screen shot Oct 17, 2013 4.51.43 PM.png in Resources */ = {isa = PBXBuildFile; fileRef = DF826CA11AAECCF200EAC61F /* iOS Simulator Screen shot Oct 17, 2013 4.51.43 PM.png */; };
		DF826CB31AAECCF200EAC61F /* iOS Simulator Screen shot Oct 17, 2013 3.09.52 PM.png in Resources */ = {isa = PBXBuildFile; fileRef = DF826CA21AAECCF200EAC61F /* iOS Simulator Screen shot Oct 17, 2013 3.09.52 PM.png */; };
		DF826CB41AAECCF200EAC61F /* iOS Simulator Screen shot Oct 17, 2013 3.09.56 PM.png in Resources */ = {isa = PBXBuildFile; fileRef = DF826CA31AAECCF200EAC61F /* iOS Simulator Screen shot Oct 17, 2013 3.09.56 PM.png */; };
		DF826CB51AAECCF200EAC61F /* iOS Simulator Screen shot Oct 17, 2013 3.10.00 PM.png in Resources */ = {isa = PBXBuildFile; fileRef = DF826CA41AAECCF200EAC61F /* iOS Simulator Screen shot Oct 17, 2013 3.10.00 PM.png */; };
		DF826CB61AAECCF200EAC61F /* iOS Simulator Screen shot Oct 17, 2013 4.42.36 PM.png in Resources */ = {isa = PBXBuildFile; fileRef = DF826CA51AAECCF200EAC61F /* iOS Simulator Screen shot Oct 17, 2013 4.42.36 PM.png */; };
		DF826CB71AAECCF200EAC61F /* iOS Simulator Screen shot Oct 17, 2013 4.42.38 PM.png in Resources */ = {isa = PBXBuildFile; fileRef = DF826CA61AAECCF200EAC61F /* iOS Simulator Screen shot Oct 17, 2013 4.42.38 PM.png */; };
		DF826CB81AAECCF200EAC61F /* MYBlurIntroductionView.gif in Resources */ = {isa = PBXBuildFile; fileRef = DF826CA71AAECCF200EAC61F /* MYBlurIntroductionView.gif */; };
		DF826CB91AAECCF200EAC61F /* iOS Simulator Screen shot Oct 17, 2013 4.51.36 PM.png in Resources */ = {isa = PBXBuildFile; fileRef = DF826CA91AAECCF200EAC61F /* iOS Simulator Screen shot Oct 17, 2013 4.51.36 PM.png */; };
		DF826CBA1AAECCF200EAC61F /* iOS Simulator Screen shot Oct 17, 2013 4.51.39 PM.png in Resources */ = {isa = PBXBuildFile; fileRef = DF826CAA1AAECCF200EAC61F /* iOS Simulator Screen shot Oct 17, 2013 4.51.39 PM.png */; };
		DF826CBB1AAECCF200EAC61F /* iOS Simulator Screen shot Oct 17, 2013 4.51.41 PM.png in Resources */ = {isa = PBXBuildFile; fileRef = DF826CAB1AAECCF200EAC61F /* iOS Simulator Screen shot Oct 17, 2013 4.51.41 PM.png */; };
		DF826CBC1AAECCF200EAC61F /* iOS Simulator Screen shot Oct 17, 2013 4.51.43 PM.png in Resources */ = {isa = PBXBuildFile; fileRef = DF826CAC1AAECCF200EAC61F /* iOS Simulator Screen shot Oct 17, 2013 4.51.43 PM.png */; };
		DFE2C2E31AAFDAC400C66DF9 /* GuideFillViewController.m in Sources */ = {isa = PBXBuildFile; fileRef = DFE2C2E21AAFDAC400C66DF9 /* GuideFillViewController.m */; };
		DFE2C2E51AB012CC00C66DF9 /* questionnaire.html in Resources */ = {isa = PBXBuildFile; fileRef = DFE2C2E41AB012CC00C66DF9 /* questionnaire.html */; };
		DFE2C2E91AB0132C00C66DF9 /* NeedDataViewController.m in Sources */ = {isa = PBXBuildFile; fileRef = DFE2C2E81AB0132C00C66DF9 /* NeedDataViewController.m */; };
		DFE2C2EC1AB02AD700C66DF9 /* ApIClient.m in Sources */ = {isa = PBXBuildFile; fileRef = DFE2C2EB1AB02AD700C66DF9 /* ApIClient.m */; };
		DFE2C3141AB02B9600C66DF9 /* AFHTTPRequestOperation.m in Sources */ = {isa = PBXBuildFile; fileRef = DFE2C2F01AB02B9600C66DF9 /* AFHTTPRequestOperation.m */; };
		DFE2C3151AB02B9600C66DF9 /* AFHTTPRequestOperationManager.m in Sources */ = {isa = PBXBuildFile; fileRef = DFE2C2F21AB02B9600C66DF9 /* AFHTTPRequestOperationManager.m */; };
		DFE2C3161AB02B9600C66DF9 /* AFHTTPSessionManager.m in Sources */ = {isa = PBXBuildFile; fileRef = DFE2C2F41AB02B9600C66DF9 /* AFHTTPSessionManager.m */; };
		DFE2C3171AB02B9600C66DF9 /* AFNetworkReachabilityManager.m in Sources */ = {isa = PBXBuildFile; fileRef = DFE2C2F71AB02B9600C66DF9 /* AFNetworkReachabilityManager.m */; };
		DFE2C3181AB02B9600C66DF9 /* AFSecurityPolicy.m in Sources */ = {isa = PBXBuildFile; fileRef = DFE2C2F91AB02B9600C66DF9 /* AFSecurityPolicy.m */; };
		DFE2C3191AB02B9600C66DF9 /* AFURLConnectionOperation.m in Sources */ = {isa = PBXBuildFile; fileRef = DFE2C2FB1AB02B9600C66DF9 /* AFURLConnectionOperation.m */; };
		DFE2C31A1AB02B9600C66DF9 /* AFURLRequestSerialization.m in Sources */ = {isa = PBXBuildFile; fileRef = DFE2C2FD1AB02B9600C66DF9 /* AFURLRequestSerialization.m */; };
		DFE2C31B1AB02B9600C66DF9 /* AFURLResponseSerialization.m in Sources */ = {isa = PBXBuildFile; fileRef = DFE2C2FF1AB02B9600C66DF9 /* AFURLResponseSerialization.m */; };
		DFE2C31C1AB02B9600C66DF9 /* AFURLSessionManager.m in Sources */ = {isa = PBXBuildFile; fileRef = DFE2C3011AB02B9600C66DF9 /* AFURLSessionManager.m */; };
		DFE2C31D1AB02B9600C66DF9 /* AFNetworkActivityIndicatorManager.m in Sources */ = {isa = PBXBuildFile; fileRef = DFE2C3041AB02B9600C66DF9 /* AFNetworkActivityIndicatorManager.m */; };
		DFE2C31E1AB02B9600C66DF9 /* UIActivityIndicatorView+AFNetworking.m in Sources */ = {isa = PBXBuildFile; fileRef = DFE2C3061AB02B9600C66DF9 /* UIActivityIndicatorView+AFNetworking.m */; };
		DFE2C31F1AB02B9600C66DF9 /* UIAlertView+AFNetworking.m in Sources */ = {isa = PBXBuildFile; fileRef = DFE2C3081AB02B9600C66DF9 /* UIAlertView+AFNetworking.m */; };
		DFE2C3201AB02B9600C66DF9 /* UIButton+AFNetworking.m in Sources */ = {isa = PBXBuildFile; fileRef = DFE2C30A1AB02B9600C66DF9 /* UIButton+AFNetworking.m */; };
		DFE2C3211AB02B9600C66DF9 /* UIImageView+AFNetworking.m in Sources */ = {isa = PBXBuildFile; fileRef = DFE2C30C1AB02B9600C66DF9 /* UIImageView+AFNetworking.m */; };
		DFE2C3221AB02B9600C66DF9 /* UIProgressView+AFNetworking.m in Sources */ = {isa = PBXBuildFile; fileRef = DFE2C30F1AB02B9600C66DF9 /* UIProgressView+AFNetworking.m */; };
		DFE2C3231AB02B9600C66DF9 /* UIRefreshControl+AFNetworking.m in Sources */ = {isa = PBXBuildFile; fileRef = DFE2C3111AB02B9600C66DF9 /* UIRefreshControl+AFNetworking.m */; };
		DFE2C3241AB02B9600C66DF9 /* UIWebView+AFNetworking.m in Sources */ = {isa = PBXBuildFile; fileRef = DFE2C3131AB02B9600C66DF9 /* UIWebView+AFNetworking.m */; };
		DFE2C3271AB02D8500C66DF9 /* MarkViewController.m in Sources */ = {isa = PBXBuildFile; fileRef = DFE2C3261AB02D8500C66DF9 /* MarkViewController.m */; };
/* End PBXBuildFile section */

/* Begin PBXContainerItemProxy section */
		19BD47831AAD5BA600D44A9D /* PBXContainerItemProxy */ = {
			isa = PBXContainerItemProxy;
			containerPortal = 19BD47611AAD5BA500D44A9D /* Project object */;
			proxyType = 1;
			remoteGlobalIDString = 19BD47681AAD5BA600D44A9D;
			remoteInfo = angerPraise;
		};
/* End PBXContainerItemProxy section */

/* Begin PBXFileReference section */
		19BD47691AAD5BA600D44A9D /* angerPraise.app */ = {isa = PBXFileReference; explicitFileType = wrapper.application; includeInIndex = 0; path = angerPraise.app; sourceTree = BUILT_PRODUCTS_DIR; };
		19BD476D1AAD5BA600D44A9D /* Info.plist */ = {isa = PBXFileReference; lastKnownFileType = text.plist.xml; path = Info.plist; sourceTree = "<group>"; };
		19BD476E1AAD5BA600D44A9D /* main.m */ = {isa = PBXFileReference; lastKnownFileType = sourcecode.c.objc; path = main.m; sourceTree = "<group>"; };
		19BD47701AAD5BA600D44A9D /* AppDelegate.h */ = {isa = PBXFileReference; lastKnownFileType = sourcecode.c.h; path = AppDelegate.h; sourceTree = "<group>"; };
		19BD47711AAD5BA600D44A9D /* AppDelegate.m */ = {isa = PBXFileReference; lastKnownFileType = sourcecode.c.objc; path = AppDelegate.m; sourceTree = "<group>"; };
		19BD47731AAD5BA600D44A9D /* ViewController.h */ = {isa = PBXFileReference; lastKnownFileType = sourcecode.c.h; path = ViewController.h; sourceTree = "<group>"; };
		19BD47741AAD5BA600D44A9D /* ViewController.m */ = {isa = PBXFileReference; lastKnownFileType = sourcecode.c.objc; path = ViewController.m; sourceTree = "<group>"; };
		19BD47771AAD5BA600D44A9D /* Base */ = {isa = PBXFileReference; lastKnownFileType = file.storyboard; name = Base; path = Base.lproj/Main.storyboard; sourceTree = "<group>"; };
		19BD47791AAD5BA600D44A9D /* Images.xcassets */ = {isa = PBXFileReference; lastKnownFileType = folder.assetcatalog; path = Images.xcassets; sourceTree = "<group>"; };
		19BD477C1AAD5BA600D44A9D /* Base */ = {isa = PBXFileReference; lastKnownFileType = file.xib; name = Base; path = Base.lproj/LaunchScreen.xib; sourceTree = "<group>"; };
		19BD47821AAD5BA600D44A9D /* angerPraiseTests.xctest */ = {isa = PBXFileReference; explicitFileType = wrapper.cfbundle; includeInIndex = 0; path = angerPraiseTests.xctest; sourceTree = BUILT_PRODUCTS_DIR; };
		19BD47871AAD5BA600D44A9D /* Info.plist */ = {isa = PBXFileReference; lastKnownFileType = text.plist.xml; path = Info.plist; sourceTree = "<group>"; };
		19BD47881AAD5BA600D44A9D /* angerPraiseTests.m */ = {isa = PBXFileReference; lastKnownFileType = sourcecode.c.objc; path = angerPraiseTests.m; sourceTree = "<group>"; };
		19BD47971AAD7BBC00D44A9D /* HomeViewControllers.h */ = {isa = PBXFileReference; fileEncoding = 4; lastKnownFileType = sourcecode.c.h; path = HomeViewControllers.h; sourceTree = "<group>"; };
		19BD47981AAD7BBC00D44A9D /* HomeViewControllers.m */ = {isa = PBXFileReference; fileEncoding = 4; lastKnownFileType = sourcecode.c.objc; path = HomeViewControllers.m; sourceTree = "<group>"; };
		19BD479A1AAD7BC600D44A9D /* User.h */ = {isa = PBXFileReference; fileEncoding = 4; lastKnownFileType = sourcecode.c.h; path = User.h; sourceTree = "<group>"; };
		19BD479B1AAD7BC600D44A9D /* User.m */ = {isa = PBXFileReference; fileEncoding = 4; lastKnownFileType = sourcecode.c.objc; path = User.m; sourceTree = "<group>"; };
		19BD47B21AB060D800D44A9D /* RKCardView.h */ = {isa = PBXFileReference; fileEncoding = 4; lastKnownFileType = sourcecode.c.h; path = RKCardView.h; sourceTree = "<group>"; };
		19BD47B31AB060D800D44A9D /* RKCardView.m */ = {isa = PBXFileReference; fileEncoding = 4; lastKnownFileType = sourcecode.c.objc; path = RKCardView.m; sourceTree = "<group>"; };
		19BD47B51AB060FE00D44A9D /* UserViewController.h */ = {isa = PBXFileReference; fileEncoding = 4; lastKnownFileType = sourcecode.c.h; path = UserViewController.h; sourceTree = "<group>"; };
		19BD47B61AB060FE00D44A9D /* UserViewController.m */ = {isa = PBXFileReference; fileEncoding = 4; lastKnownFileType = sourcecode.c.objc; path = UserViewController.m; sourceTree = "<group>"; };
		DF015BF21AAE920D00159C7B /* ImportResumeViewController.h */ = {isa = PBXFileReference; fileEncoding = 4; lastKnownFileType = sourcecode.c.h; path = ImportResumeViewController.h; sourceTree = "<group>"; };
		DF015BF31AAE920D00159C7B /* ImportResumeViewController.m */ = {isa = PBXFileReference; fileEncoding = 4; lastKnownFileType = sourcecode.c.objc; path = ImportResumeViewController.m; sourceTree = "<group>"; };
		DF015BF51AAE95FB00159C7B /* VirtualImportViewController.h */ = {isa = PBXFileReference; fileEncoding = 4; lastKnownFileType = sourcecode.c.h; path = VirtualImportViewController.h; sourceTree = "<group>"; };
		DF015BF61AAE95FB00159C7B /* VirtualImportViewController.m */ = {isa = PBXFileReference; fileEncoding = 4; lastKnownFileType = sourcecode.c.objc; path = VirtualImportViewController.m; sourceTree = "<group>"; };
		DF360C611AAD7EB20090FF51 /* LoginViewController.h */ = {isa = PBXFileReference; fileEncoding = 4; lastKnownFileType = sourcecode.c.h; path = LoginViewController.h; sourceTree = "<group>"; };
		DF360C621AAD7EB20090FF51 /* LoginViewController.m */ = {isa = PBXFileReference; fileEncoding = 4; lastKnownFileType = sourcecode.c.objc; path = LoginViewController.m; sourceTree = "<group>"; };
		DF360C641AAD7ED00090FF51 /* RegisterViewController.h */ = {isa = PBXFileReference; fileEncoding = 4; lastKnownFileType = sourcecode.c.h; path = RegisterViewController.h; sourceTree = "<group>"; };
		DF360C651AAD7ED10090FF51 /* RegisterViewController.m */ = {isa = PBXFileReference; fileEncoding = 4; lastKnownFileType = sourcecode.c.objc; path = RegisterViewController.m; sourceTree = "<group>"; };
		DF826C971AAECCF200EAC61F /* MYBlurIntroductionView.h */ = {isa = PBXFileReference; fileEncoding = 4; lastKnownFileType = sourcecode.c.h; path = MYBlurIntroductionView.h; sourceTree = "<group>"; };
		DF826C981AAECCF200EAC61F /* MYBlurIntroductionView.m */ = {isa = PBXFileReference; fileEncoding = 4; lastKnownFileType = sourcecode.c.objc; path = MYBlurIntroductionView.m; sourceTree = "<group>"; };
		DF826C991AAECCF200EAC61F /* MYIntroductionPanel.h */ = {isa = PBXFileReference; fileEncoding = 4; lastKnownFileType = sourcecode.c.h; path = MYIntroductionPanel.h; sourceTree = "<group>"; };
		DF826C9A1AAECCF200EAC61F /* MYIntroductionPanel.m */ = {isa = PBXFileReference; fileEncoding = 4; lastKnownFileType = sourcecode.c.objc; path = MYIntroductionPanel.m; sourceTree = "<group>"; };
		DF826C9E1AAECCF200EAC61F /* iOS Simulator Screen shot Oct 17, 2013 4.51.36 PM.png */ = {isa = PBXFileReference; lastKnownFileType = image.png; path = "iOS Simulator Screen shot Oct 17, 2013 4.51.36 PM.png"; sourceTree = "<group>"; };
		DF826C9F1AAECCF200EAC61F /* iOS Simulator Screen shot Oct 17, 2013 4.51.39 PM.png */ = {isa = PBXFileReference; lastKnownFileType = image.png; path = "iOS Simulator Screen shot Oct 17, 2013 4.51.39 PM.png"; sourceTree = "<group>"; };
		DF826CA01AAECCF200EAC61F /* iOS Simulator Screen shot Oct 17, 2013 4.51.41 PM.png */ = {isa = PBXFileReference; lastKnownFileType = image.png; path = "iOS Simulator Screen shot Oct 17, 2013 4.51.41 PM.png"; sourceTree = "<group>"; };
		DF826CA11AAECCF200EAC61F /* iOS Simulator Screen shot Oct 17, 2013 4.51.43 PM.png */ = {isa = PBXFileReference; lastKnownFileType = image.png; path = "iOS Simulator Screen shot Oct 17, 2013 4.51.43 PM.png"; sourceTree = "<group>"; };
		DF826CA21AAECCF200EAC61F /* iOS Simulator Screen shot Oct 17, 2013 3.09.52 PM.png */ = {isa = PBXFileReference; lastKnownFileType = image.png; path = "iOS Simulator Screen shot Oct 17, 2013 3.09.52 PM.png"; sourceTree = "<group>"; };
		DF826CA31AAECCF200EAC61F /* iOS Simulator Screen shot Oct 17, 2013 3.09.56 PM.png */ = {isa = PBXFileReference; lastKnownFileType = image.png; path = "iOS Simulator Screen shot Oct 17, 2013 3.09.56 PM.png"; sourceTree = "<group>"; };
		DF826CA41AAECCF200EAC61F /* iOS Simulator Screen shot Oct 17, 2013 3.10.00 PM.png */ = {isa = PBXFileReference; lastKnownFileType = image.png; path = "iOS Simulator Screen shot Oct 17, 2013 3.10.00 PM.png"; sourceTree = "<group>"; };
		DF826CA51AAECCF200EAC61F /* iOS Simulator Screen shot Oct 17, 2013 4.42.36 PM.png */ = {isa = PBXFileReference; lastKnownFileType = image.png; path = "iOS Simulator Screen shot Oct 17, 2013 4.42.36 PM.png"; sourceTree = "<group>"; };
		DF826CA61AAECCF200EAC61F /* iOS Simulator Screen shot Oct 17, 2013 4.42.38 PM.png */ = {isa = PBXFileReference; lastKnownFileType = image.png; path = "iOS Simulator Screen shot Oct 17, 2013 4.42.38 PM.png"; sourceTree = "<group>"; };
		DF826CA71AAECCF200EAC61F /* MYBlurIntroductionView.gif */ = {isa = PBXFileReference; lastKnownFileType = image.gif; path = MYBlurIntroductionView.gif; sourceTree = "<group>"; };
		DF826CA91AAECCF200EAC61F /* iOS Simulator Screen shot Oct 17, 2013 4.51.36 PM.png */ = {isa = PBXFileReference; lastKnownFileType = image.png; path = "iOS Simulator Screen shot Oct 17, 2013 4.51.36 PM.png"; sourceTree = "<group>"; };
		DF826CAA1AAECCF200EAC61F /* iOS Simulator Screen shot Oct 17, 2013 4.51.39 PM.png */ = {isa = PBXFileReference; lastKnownFileType = image.png; path = "iOS Simulator Screen shot Oct 17, 2013 4.51.39 PM.png"; sourceTree = "<group>"; };
		DF826CAB1AAECCF200EAC61F /* iOS Simulator Screen shot Oct 17, 2013 4.51.41 PM.png */ = {isa = PBXFileReference; lastKnownFileType = image.png; path = "iOS Simulator Screen shot Oct 17, 2013 4.51.41 PM.png"; sourceTree = "<group>"; };
		DF826CAC1AAECCF200EAC61F /* iOS Simulator Screen shot Oct 17, 2013 4.51.43 PM.png */ = {isa = PBXFileReference; lastKnownFileType = image.png; path = "iOS Simulator Screen shot Oct 17, 2013 4.51.43 PM.png"; sourceTree = "<group>"; };
		DFE2C2E11AAFDAC400C66DF9 /* GuideFillViewController.h */ = {isa = PBXFileReference; fileEncoding = 4; lastKnownFileType = sourcecode.c.h; path = GuideFillViewController.h; sourceTree = "<group>"; };
		DFE2C2E21AAFDAC400C66DF9 /* GuideFillViewController.m */ = {isa = PBXFileReference; fileEncoding = 4; lastKnownFileType = sourcecode.c.objc; path = GuideFillViewController.m; sourceTree = "<group>"; };
		DFE2C2E41AB012CC00C66DF9 /* questionnaire.html */ = {isa = PBXFileReference; fileEncoding = 4; lastKnownFileType = text.html; path = questionnaire.html; sourceTree = "<group>"; };
		DFE2C2E71AB0132C00C66DF9 /* NeedDataViewController.h */ = {isa = PBXFileReference; fileEncoding = 4; lastKnownFileType = sourcecode.c.h; path = NeedDataViewController.h; sourceTree = "<group>"; };
		DFE2C2E81AB0132C00C66DF9 /* NeedDataViewController.m */ = {isa = PBXFileReference; fileEncoding = 4; lastKnownFileType = sourcecode.c.objc; path = NeedDataViewController.m; sourceTree = "<group>"; };
		DFE2C2EA1AB02AD700C66DF9 /* ApIClient.h */ = {isa = PBXFileReference; fileEncoding = 4; lastKnownFileType = sourcecode.c.h; path = ApIClient.h; sourceTree = "<group>"; };
		DFE2C2EB1AB02AD700C66DF9 /* ApIClient.m */ = {isa = PBXFileReference; fileEncoding = 4; lastKnownFileType = sourcecode.c.objc; path = ApIClient.m; sourceTree = "<group>"; };
		DFE2C2EF1AB02B9600C66DF9 /* AFHTTPRequestOperation.h */ = {isa = PBXFileReference; fileEncoding = 4; lastKnownFileType = sourcecode.c.h; path = AFHTTPRequestOperation.h; sourceTree = "<group>"; };
		DFE2C2F01AB02B9600C66DF9 /* AFHTTPRequestOperation.m */ = {isa = PBXFileReference; fileEncoding = 4; lastKnownFileType = sourcecode.c.objc; path = AFHTTPRequestOperation.m; sourceTree = "<group>"; };
		DFE2C2F11AB02B9600C66DF9 /* AFHTTPRequestOperationManager.h */ = {isa = PBXFileReference; fileEncoding = 4; lastKnownFileType = sourcecode.c.h; path = AFHTTPRequestOperationManager.h; sourceTree = "<group>"; };
		DFE2C2F21AB02B9600C66DF9 /* AFHTTPRequestOperationManager.m */ = {isa = PBXFileReference; fileEncoding = 4; lastKnownFileType = sourcecode.c.objc; path = AFHTTPRequestOperationManager.m; sourceTree = "<group>"; };
		DFE2C2F31AB02B9600C66DF9 /* AFHTTPSessionManager.h */ = {isa = PBXFileReference; fileEncoding = 4; lastKnownFileType = sourcecode.c.h; path = AFHTTPSessionManager.h; sourceTree = "<group>"; };
		DFE2C2F41AB02B9600C66DF9 /* AFHTTPSessionManager.m */ = {isa = PBXFileReference; fileEncoding = 4; lastKnownFileType = sourcecode.c.objc; path = AFHTTPSessionManager.m; sourceTree = "<group>"; };
		DFE2C2F51AB02B9600C66DF9 /* AFNetworking.h */ = {isa = PBXFileReference; fileEncoding = 4; lastKnownFileType = sourcecode.c.h; path = AFNetworking.h; sourceTree = "<group>"; };
		DFE2C2F61AB02B9600C66DF9 /* AFNetworkReachabilityManager.h */ = {isa = PBXFileReference; fileEncoding = 4; lastKnownFileType = sourcecode.c.h; path = AFNetworkReachabilityManager.h; sourceTree = "<group>"; };
		DFE2C2F71AB02B9600C66DF9 /* AFNetworkReachabilityManager.m */ = {isa = PBXFileReference; fileEncoding = 4; lastKnownFileType = sourcecode.c.objc; path = AFNetworkReachabilityManager.m; sourceTree = "<group>"; };
		DFE2C2F81AB02B9600C66DF9 /* AFSecurityPolicy.h */ = {isa = PBXFileReference; fileEncoding = 4; lastKnownFileType = sourcecode.c.h; path = AFSecurityPolicy.h; sourceTree = "<group>"; };
		DFE2C2F91AB02B9600C66DF9 /* AFSecurityPolicy.m */ = {isa = PBXFileReference; fileEncoding = 4; lastKnownFileType = sourcecode.c.objc; path = AFSecurityPolicy.m; sourceTree = "<group>"; };
		DFE2C2FA1AB02B9600C66DF9 /* AFURLConnectionOperation.h */ = {isa = PBXFileReference; fileEncoding = 4; lastKnownFileType = sourcecode.c.h; path = AFURLConnectionOperation.h; sourceTree = "<group>"; };
		DFE2C2FB1AB02B9600C66DF9 /* AFURLConnectionOperation.m */ = {isa = PBXFileReference; fileEncoding = 4; lastKnownFileType = sourcecode.c.objc; path = AFURLConnectionOperation.m; sourceTree = "<group>"; };
		DFE2C2FC1AB02B9600C66DF9 /* AFURLRequestSerialization.h */ = {isa = PBXFileReference; fileEncoding = 4; lastKnownFileType = sourcecode.c.h; path = AFURLRequestSerialization.h; sourceTree = "<group>"; };
		DFE2C2FD1AB02B9600C66DF9 /* AFURLRequestSerialization.m */ = {isa = PBXFileReference; fileEncoding = 4; lastKnownFileType = sourcecode.c.objc; path = AFURLRequestSerialization.m; sourceTree = "<group>"; };
		DFE2C2FE1AB02B9600C66DF9 /* AFURLResponseSerialization.h */ = {isa = PBXFileReference; fileEncoding = 4; lastKnownFileType = sourcecode.c.h; path = AFURLResponseSerialization.h; sourceTree = "<group>"; };
		DFE2C2FF1AB02B9600C66DF9 /* AFURLResponseSerialization.m */ = {isa = PBXFileReference; fileEncoding = 4; lastKnownFileType = sourcecode.c.objc; path = AFURLResponseSerialization.m; sourceTree = "<group>"; };
		DFE2C3001AB02B9600C66DF9 /* AFURLSessionManager.h */ = {isa = PBXFileReference; fileEncoding = 4; lastKnownFileType = sourcecode.c.h; path = AFURLSessionManager.h; sourceTree = "<group>"; };
		DFE2C3011AB02B9600C66DF9 /* AFURLSessionManager.m */ = {isa = PBXFileReference; fileEncoding = 4; lastKnownFileType = sourcecode.c.objc; path = AFURLSessionManager.m; sourceTree = "<group>"; };
		DFE2C3031AB02B9600C66DF9 /* AFNetworkActivityIndicatorManager.h */ = {isa = PBXFileReference; fileEncoding = 4; lastKnownFileType = sourcecode.c.h; path = AFNetworkActivityIndicatorManager.h; sourceTree = "<group>"; };
		DFE2C3041AB02B9600C66DF9 /* AFNetworkActivityIndicatorManager.m */ = {isa = PBXFileReference; fileEncoding = 4; lastKnownFileType = sourcecode.c.objc; path = AFNetworkActivityIndicatorManager.m; sourceTree = "<group>"; };
		DFE2C3051AB02B9600C66DF9 /* UIActivityIndicatorView+AFNetworking.h */ = {isa = PBXFileReference; fileEncoding = 4; lastKnownFileType = sourcecode.c.h; path = "UIActivityIndicatorView+AFNetworking.h"; sourceTree = "<group>"; };
		DFE2C3061AB02B9600C66DF9 /* UIActivityIndicatorView+AFNetworking.m */ = {isa = PBXFileReference; fileEncoding = 4; lastKnownFileType = sourcecode.c.objc; path = "UIActivityIndicatorView+AFNetworking.m"; sourceTree = "<group>"; };
		DFE2C3071AB02B9600C66DF9 /* UIAlertView+AFNetworking.h */ = {isa = PBXFileReference; fileEncoding = 4; lastKnownFileType = sourcecode.c.h; path = "UIAlertView+AFNetworking.h"; sourceTree = "<group>"; };
		DFE2C3081AB02B9600C66DF9 /* UIAlertView+AFNetworking.m */ = {isa = PBXFileReference; fileEncoding = 4; lastKnownFileType = sourcecode.c.objc; path = "UIAlertView+AFNetworking.m"; sourceTree = "<group>"; };
		DFE2C3091AB02B9600C66DF9 /* UIButton+AFNetworking.h */ = {isa = PBXFileReference; fileEncoding = 4; lastKnownFileType = sourcecode.c.h; path = "UIButton+AFNetworking.h"; sourceTree = "<group>"; };
		DFE2C30A1AB02B9600C66DF9 /* UIButton+AFNetworking.m */ = {isa = PBXFileReference; fileEncoding = 4; lastKnownFileType = sourcecode.c.objc; path = "UIButton+AFNetworking.m"; sourceTree = "<group>"; };
		DFE2C30B1AB02B9600C66DF9 /* UIImageView+AFNetworking.h */ = {isa = PBXFileReference; fileEncoding = 4; lastKnownFileType = sourcecode.c.h; path = "UIImageView+AFNetworking.h"; sourceTree = "<group>"; };
		DFE2C30C1AB02B9600C66DF9 /* UIImageView+AFNetworking.m */ = {isa = PBXFileReference; fileEncoding = 4; lastKnownFileType = sourcecode.c.objc; path = "UIImageView+AFNetworking.m"; sourceTree = "<group>"; };
		DFE2C30D1AB02B9600C66DF9 /* UIKit+AFNetworking.h */ = {isa = PBXFileReference; fileEncoding = 4; lastKnownFileType = sourcecode.c.h; path = "UIKit+AFNetworking.h"; sourceTree = "<group>"; };
		DFE2C30E1AB02B9600C66DF9 /* UIProgressView+AFNetworking.h */ = {isa = PBXFileReference; fileEncoding = 4; lastKnownFileType = sourcecode.c.h; path = "UIProgressView+AFNetworking.h"; sourceTree = "<group>"; };
		DFE2C30F1AB02B9600C66DF9 /* UIProgressView+AFNetworking.m */ = {isa = PBXFileReference; fileEncoding = 4; lastKnownFileType = sourcecode.c.objc; path = "UIProgressView+AFNetworking.m"; sourceTree = "<group>"; };
		DFE2C3101AB02B9600C66DF9 /* UIRefreshControl+AFNetworking.h */ = {isa = PBXFileReference; fileEncoding = 4; lastKnownFileType = sourcecode.c.h; path = "UIRefreshControl+AFNetworking.h"; sourceTree = "<group>"; };
		DFE2C3111AB02B9600C66DF9 /* UIRefreshControl+AFNetworking.m */ = {isa = PBXFileReference; fileEncoding = 4; lastKnownFileType = sourcecode.c.objc; path = "UIRefreshControl+AFNetworking.m"; sourceTree = "<group>"; };
		DFE2C3121AB02B9600C66DF9 /* UIWebView+AFNetworking.h */ = {isa = PBXFileReference; fileEncoding = 4; lastKnownFileType = sourcecode.c.h; path = "UIWebView+AFNetworking.h"; sourceTree = "<group>"; };
		DFE2C3131AB02B9600C66DF9 /* UIWebView+AFNetworking.m */ = {isa = PBXFileReference; fileEncoding = 4; lastKnownFileType = sourcecode.c.objc; path = "UIWebView+AFNetworking.m"; sourceTree = "<group>"; };
		DFE2C3251AB02D8500C66DF9 /* MarkViewController.h */ = {isa = PBXFileReference; fileEncoding = 4; lastKnownFileType = sourcecode.c.h; path = MarkViewController.h; sourceTree = "<group>"; };
		DFE2C3261AB02D8500C66DF9 /* MarkViewController.m */ = {isa = PBXFileReference; fileEncoding = 4; lastKnownFileType = sourcecode.c.objc; path = MarkViewController.m; sourceTree = "<group>"; };
/* End PBXFileReference section */

/* Begin PBXFrameworksBuildPhase section */
		19BD47661AAD5BA600D44A9D /* Frameworks */ = {
			isa = PBXFrameworksBuildPhase;
			buildActionMask = 2147483647;
			files = (
			);
			runOnlyForDeploymentPostprocessing = 0;
		};
		19BD477F1AAD5BA600D44A9D /* Frameworks */ = {
			isa = PBXFrameworksBuildPhase;
			buildActionMask = 2147483647;
			files = (
			);
			runOnlyForDeploymentPostprocessing = 0;
		};
/* End PBXFrameworksBuildPhase section */

/* Begin PBXGroup section */
		19BD47601AAD5BA500D44A9D = {
			isa = PBXGroup;
			children = (
				19BD476B1AAD5BA600D44A9D /* angerPraise */,
				19BD47851AAD5BA600D44A9D /* angerPraiseTests */,
				19BD476A1AAD5BA600D44A9D /* Products */,
			);
			sourceTree = "<group>";
		};
		19BD476A1AAD5BA600D44A9D /* Products */ = {
			isa = PBXGroup;
			children = (
				19BD47691AAD5BA600D44A9D /* angerPraise.app */,
				19BD47821AAD5BA600D44A9D /* angerPraiseTests.xctest */,
			);
			name = Products;
			sourceTree = "<group>";
		};
		19BD476B1AAD5BA600D44A9D /* angerPraise */ = {
			isa = PBXGroup;
			children = (
				19BD47B11AB060CA00D44A9D /* Views */,
				DFE2C2ED1AB02B8D00C66DF9 /* ThirdParty */,
				DF826C951AAECCE100EAC61F /* Classes */,
				19BD47931AAD685600D44A9D /* Models */,
				19BD47951AAD685600D44A9D /* ViewControllers */,
				19BD47701AAD5BA600D44A9D /* AppDelegate.h */,
				19BD47711AAD5BA600D44A9D /* AppDelegate.m */,
				19BD47731AAD5BA600D44A9D /* ViewController.h */,
				19BD47741AAD5BA600D44A9D /* ViewController.m */,
				19BD47761AAD5BA600D44A9D /* Main.storyboard */,
				19BD47791AAD5BA600D44A9D /* Images.xcassets */,
				19BD477B1AAD5BA600D44A9D /* LaunchScreen.xib */,
				19BD476C1AAD5BA600D44A9D /* Supporting Files */,
			);
			path = angerPraise;
			sourceTree = "<group>";
		};
		19BD476C1AAD5BA600D44A9D /* Supporting Files */ = {
			isa = PBXGroup;
			children = (
				19BD476D1AAD5BA600D44A9D /* Info.plist */,
				19BD476E1AAD5BA600D44A9D /* main.m */,
			);
			name = "Supporting Files";
			sourceTree = "<group>";
		};
		19BD47851AAD5BA600D44A9D /* angerPraiseTests */ = {
			isa = PBXGroup;
			children = (
				19BD47881AAD5BA600D44A9D /* angerPraiseTests.m */,
				19BD47861AAD5BA600D44A9D /* Supporting Files */,
			);
			path = angerPraiseTests;
			sourceTree = "<group>";
		};
		19BD47861AAD5BA600D44A9D /* Supporting Files */ = {
			isa = PBXGroup;
			children = (
				19BD47871AAD5BA600D44A9D /* Info.plist */,
			);
			name = "Supporting Files";
			sourceTree = "<group>";
		};
		19BD47931AAD685600D44A9D /* Models */ = {
			isa = PBXGroup;
			children = (
				19BD479A1AAD7BC600D44A9D /* User.h */,
				19BD479B1AAD7BC600D44A9D /* User.m */,
			);
			path = Models;
			sourceTree = "<group>";
		};
		19BD47951AAD685600D44A9D /* ViewControllers */ = {
			isa = PBXGroup;
			children = (
				DFE2C2E61AB0130800C66DF9 /* Other */,
				DF015BF11AAE91CE00159C7B /* Resume */,
				DF360C601AAD7E3D0090FF51 /* User */,
				19BD47971AAD7BBC00D44A9D /* HomeViewControllers.h */,
				19BD47981AAD7BBC00D44A9D /* HomeViewControllers.m */,
			);
			path = ViewControllers;
			sourceTree = "<group>";
		};
		19BD47B11AB060CA00D44A9D /* Views */ = {
			isa = PBXGroup;
			children = (
				19BD47B21AB060D800D44A9D /* RKCardView.h */,
				19BD47B31AB060D800D44A9D /* RKCardView.m */,
			);
			path = Views;
			sourceTree = "<group>";
		};
		DF015BF11AAE91CE00159C7B /* Resume */ = {
			isa = PBXGroup;
			children = (
				DF015BF21AAE920D00159C7B /* ImportResumeViewController.h */,
				DF015BF31AAE920D00159C7B /* ImportResumeViewController.m */,
				DF015BF51AAE95FB00159C7B /* VirtualImportViewController.h */,
				DF015BF61AAE95FB00159C7B /* VirtualImportViewController.m */,
				DFE2C2E11AAFDAC400C66DF9 /* GuideFillViewController.h */,
				DFE2C2E21AAFDAC400C66DF9 /* GuideFillViewController.m */,
			);
			path = Resume;
			sourceTree = "<group>";
		};
		DF360C601AAD7E3D0090FF51 /* User */ = {
			isa = PBXGroup;
			children = (
				DF360C611AAD7EB20090FF51 /* LoginViewController.h */,
				DF360C621AAD7EB20090FF51 /* LoginViewController.m */,
				DF360C641AAD7ED00090FF51 /* RegisterViewController.h */,
				DF360C651AAD7ED10090FF51 /* RegisterViewController.m */,
				19BD47B51AB060FE00D44A9D /* UserViewController.h */,
				19BD47B61AB060FE00D44A9D /* UserViewController.m */,
			);
			path = User;
			sourceTree = "<group>";
		};
		DF826C951AAECCE100EAC61F /* Classes */ = {
			isa = PBXGroup;
			children = (
				DFE2C2EA1AB02AD700C66DF9 /* ApIClient.h */,
				DFE2C2EB1AB02AD700C66DF9 /* ApIClient.m */,
				DFE2C2E41AB012CC00C66DF9 /* questionnaire.html */,
				DF826C961AAECCF200EAC61F /* MYBlurIntroductionView */,
			);
			path = Classes;
			sourceTree = "<group>";
		};
		DF826C961AAECCF200EAC61F /* MYBlurIntroductionView */ = {
			isa = PBXGroup;
			children = (
				DF826C971AAECCF200EAC61F /* MYBlurIntroductionView.h */,
				DF826C981AAECCF200EAC61F /* MYBlurIntroductionView.m */,
				DF826C991AAECCF200EAC61F /* MYIntroductionPanel.h */,
				DF826C9A1AAECCF200EAC61F /* MYIntroductionPanel.m */,
				DF826C9B1AAECCF200EAC61F /* Resources */,
			);
			path = MYBlurIntroductionView;
			sourceTree = "<group>";
		};
		DF826C9B1AAECCF200EAC61F /* Resources */ = {
			isa = PBXGroup;
			children = (
				DF826C9C1AAECCF200EAC61F /* Images */,
			);
			path = Resources;
			sourceTree = "<group>";
		};
		DF826C9C1AAECCF200EAC61F /* Images */ = {
			isa = PBXGroup;
			children = (
				DF826C9D1AAECCF200EAC61F /* FullSize */,
				DF826CA21AAECCF200EAC61F /* iOS Simulator Screen shot Oct 17, 2013 3.09.52 PM.png */,
				DF826CA31AAECCF200EAC61F /* iOS Simulator Screen shot Oct 17, 2013 3.09.56 PM.png */,
				DF826CA41AAECCF200EAC61F /* iOS Simulator Screen shot Oct 17, 2013 3.10.00 PM.png */,
				DF826CA51AAECCF200EAC61F /* iOS Simulator Screen shot Oct 17, 2013 4.42.36 PM.png */,
				DF826CA61AAECCF200EAC61F /* iOS Simulator Screen shot Oct 17, 2013 4.42.38 PM.png */,
				DF826CA71AAECCF200EAC61F /* MYBlurIntroductionView.gif */,
				DF826CA81AAECCF200EAC61F /* Top */,
			);
			path = Images;
			sourceTree = "<group>";
		};
		DF826C9D1AAECCF200EAC61F /* FullSize */ = {
			isa = PBXGroup;
			children = (
				DF826C9E1AAECCF200EAC61F /* iOS Simulator Screen shot Oct 17, 2013 4.51.36 PM.png */,
				DF826C9F1AAECCF200EAC61F /* iOS Simulator Screen shot Oct 17, 2013 4.51.39 PM.png */,
				DF826CA01AAECCF200EAC61F /* iOS Simulator Screen shot Oct 17, 2013 4.51.41 PM.png */,
				DF826CA11AAECCF200EAC61F /* iOS Simulator Screen shot Oct 17, 2013 4.51.43 PM.png */,
			);
			path = FullSize;
			sourceTree = "<group>";
		};
		DF826CA81AAECCF200EAC61F /* Top */ = {
			isa = PBXGroup;
			children = (
				DF826CA91AAECCF200EAC61F /* iOS Simulator Screen shot Oct 17, 2013 4.51.36 PM.png */,
				DF826CAA1AAECCF200EAC61F /* iOS Simulator Screen shot Oct 17, 2013 4.51.39 PM.png */,
				DF826CAB1AAECCF200EAC61F /* iOS Simulator Screen shot Oct 17, 2013 4.51.41 PM.png */,
				DF826CAC1AAECCF200EAC61F /* iOS Simulator Screen shot Oct 17, 2013 4.51.43 PM.png */,
			);
			path = Top;
			sourceTree = "<group>";
		};
		DFE2C2E61AB0130800C66DF9 /* Other */ = {
			isa = PBXGroup;
			children = (
				DFE2C2E71AB0132C00C66DF9 /* NeedDataViewController.h */,
				DFE2C2E81AB0132C00C66DF9 /* NeedDataViewController.m */,
				DFE2C3251AB02D8500C66DF9 /* MarkViewController.h */,
				DFE2C3261AB02D8500C66DF9 /* MarkViewController.m */,
			);
			path = Other;
			sourceTree = "<group>";
		};
		DFE2C2ED1AB02B8D00C66DF9 /* ThirdParty */ = {
			isa = PBXGroup;
			children = (
				DFE2C2EE1AB02B9600C66DF9 /* AFNetworking */,
			);
			path = ThirdParty;
			sourceTree = "<group>";
		};
		DFE2C2EE1AB02B9600C66DF9 /* AFNetworking */ = {
			isa = PBXGroup;
			children = (
				DFE2C2EF1AB02B9600C66DF9 /* AFHTTPRequestOperation.h */,
				DFE2C2F01AB02B9600C66DF9 /* AFHTTPRequestOperation.m */,
				DFE2C2F11AB02B9600C66DF9 /* AFHTTPRequestOperationManager.h */,
				DFE2C2F21AB02B9600C66DF9 /* AFHTTPRequestOperationManager.m */,
				DFE2C2F31AB02B9600C66DF9 /* AFHTTPSessionManager.h */,
				DFE2C2F41AB02B9600C66DF9 /* AFHTTPSessionManager.m */,
				DFE2C2F51AB02B9600C66DF9 /* AFNetworking.h */,
				DFE2C2F61AB02B9600C66DF9 /* AFNetworkReachabilityManager.h */,
				DFE2C2F71AB02B9600C66DF9 /* AFNetworkReachabilityManager.m */,
				DFE2C2F81AB02B9600C66DF9 /* AFSecurityPolicy.h */,
				DFE2C2F91AB02B9600C66DF9 /* AFSecurityPolicy.m */,
				DFE2C2FA1AB02B9600C66DF9 /* AFURLConnectionOperation.h */,
				DFE2C2FB1AB02B9600C66DF9 /* AFURLConnectionOperation.m */,
				DFE2C2FC1AB02B9600C66DF9 /* AFURLRequestSerialization.h */,
				DFE2C2FD1AB02B9600C66DF9 /* AFURLRequestSerialization.m */,
				DFE2C2FE1AB02B9600C66DF9 /* AFURLResponseSerialization.h */,
				DFE2C2FF1AB02B9600C66DF9 /* AFURLResponseSerialization.m */,
				DFE2C3001AB02B9600C66DF9 /* AFURLSessionManager.h */,
				DFE2C3011AB02B9600C66DF9 /* AFURLSessionManager.m */,
				DFE2C3021AB02B9600C66DF9 /* UIKit+AFNetworking */,
			);
			path = AFNetworking;
			sourceTree = "<group>";
		};
		DFE2C3021AB02B9600C66DF9 /* UIKit+AFNetworking */ = {
			isa = PBXGroup;
			children = (
				DFE2C3031AB02B9600C66DF9 /* AFNetworkActivityIndicatorManager.h */,
				DFE2C3041AB02B9600C66DF9 /* AFNetworkActivityIndicatorManager.m */,
				DFE2C3051AB02B9600C66DF9 /* UIActivityIndicatorView+AFNetworking.h */,
				DFE2C3061AB02B9600C66DF9 /* UIActivityIndicatorView+AFNetworking.m */,
				DFE2C3071AB02B9600C66DF9 /* UIAlertView+AFNetworking.h */,
				DFE2C3081AB02B9600C66DF9 /* UIAlertView+AFNetworking.m */,
				DFE2C3091AB02B9600C66DF9 /* UIButton+AFNetworking.h */,
				DFE2C30A1AB02B9600C66DF9 /* UIButton+AFNetworking.m */,
				DFE2C30B1AB02B9600C66DF9 /* UIImageView+AFNetworking.h */,
				DFE2C30C1AB02B9600C66DF9 /* UIImageView+AFNetworking.m */,
				DFE2C30D1AB02B9600C66DF9 /* UIKit+AFNetworking.h */,
				DFE2C30E1AB02B9600C66DF9 /* UIProgressView+AFNetworking.h */,
				DFE2C30F1AB02B9600C66DF9 /* UIProgressView+AFNetworking.m */,
				DFE2C3101AB02B9600C66DF9 /* UIRefreshControl+AFNetworking.h */,
				DFE2C3111AB02B9600C66DF9 /* UIRefreshControl+AFNetworking.m */,
				DFE2C3121AB02B9600C66DF9 /* UIWebView+AFNetworking.h */,
				DFE2C3131AB02B9600C66DF9 /* UIWebView+AFNetworking.m */,
			);
			path = "UIKit+AFNetworking";
			sourceTree = "<group>";
		};
/* End PBXGroup section */

/* Begin PBXNativeTarget section */
		19BD47681AAD5BA600D44A9D /* angerPraise */ = {
			isa = PBXNativeTarget;
			buildConfigurationList = 19BD478C1AAD5BA600D44A9D /* Build configuration list for PBXNativeTarget "angerPraise" */;
			buildPhases = (
				19BD47651AAD5BA600D44A9D /* Sources */,
				19BD47661AAD5BA600D44A9D /* Frameworks */,
				19BD47671AAD5BA600D44A9D /* Resources */,
			);
			buildRules = (
			);
			dependencies = (
			);
			name = angerPraise;
			productName = angerPraise;
			productReference = 19BD47691AAD5BA600D44A9D /* angerPraise.app */;
			productType = "com.apple.product-type.application";
		};
		19BD47811AAD5BA600D44A9D /* angerPraiseTests */ = {
			isa = PBXNativeTarget;
			buildConfigurationList = 19BD478F1AAD5BA600D44A9D /* Build configuration list for PBXNativeTarget "angerPraiseTests" */;
			buildPhases = (
				19BD477E1AAD5BA600D44A9D /* Sources */,
				19BD477F1AAD5BA600D44A9D /* Frameworks */,
				19BD47801AAD5BA600D44A9D /* Resources */,
			);
			buildRules = (
			);
			dependencies = (
				19BD47841AAD5BA600D44A9D /* PBXTargetDependency */,
			);
			name = angerPraiseTests;
			productName = angerPraiseTests;
			productReference = 19BD47821AAD5BA600D44A9D /* angerPraiseTests.xctest */;
			productType = "com.apple.product-type.bundle.unit-test";
		};
/* End PBXNativeTarget section */

/* Begin PBXProject section */
		19BD47611AAD5BA500D44A9D /* Project object */ = {
			isa = PBXProject;
			attributes = {
				LastUpgradeCheck = 0610;
				ORGANIZATIONNAME = Rex;
				TargetAttributes = {
					19BD47681AAD5BA600D44A9D = {
						CreatedOnToolsVersion = 6.1.1;
					};
					19BD47811AAD5BA600D44A9D = {
						CreatedOnToolsVersion = 6.1.1;
						TestTargetID = 19BD47681AAD5BA600D44A9D;
					};
				};
			};
			buildConfigurationList = 19BD47641AAD5BA500D44A9D /* Build configuration list for PBXProject "angerPraise" */;
			compatibilityVersion = "Xcode 3.2";
			developmentRegion = English;
			hasScannedForEncodings = 0;
			knownRegions = (
				en,
				Base,
			);
			mainGroup = 19BD47601AAD5BA500D44A9D;
			productRefGroup = 19BD476A1AAD5BA600D44A9D /* Products */;
			projectDirPath = "";
			projectRoot = "";
			targets = (
				19BD47681AAD5BA600D44A9D /* angerPraise */,
				19BD47811AAD5BA600D44A9D /* angerPraiseTests */,
			);
		};
/* End PBXProject section */

/* Begin PBXResourcesBuildPhase section */
		19BD47671AAD5BA600D44A9D /* Resources */ = {
			isa = PBXResourcesBuildPhase;
			buildActionMask = 2147483647;
			files = (
				DF826CB21AAECCF200EAC61F /* iOS Simulator Screen shot Oct 17, 2013 4.51.43 PM.png in Resources */,
				DF826CBA1AAECCF200EAC61F /* iOS Simulator Screen shot Oct 17, 2013 4.51.39 PM.png in Resources */,
				19BD47781AAD5BA600D44A9D /* Main.storyboard in Resources */,
				DF826CB51AAECCF200EAC61F /* iOS Simulator Screen shot Oct 17, 2013 3.10.00 PM.png in Resources */,
				DF826CB61AAECCF200EAC61F /* iOS Simulator Screen shot Oct 17, 2013 4.42.36 PM.png in Resources */,
				DF826CB11AAECCF200EAC61F /* iOS Simulator Screen shot Oct 17, 2013 4.51.41 PM.png in Resources */,
				DF826CB01AAECCF200EAC61F /* iOS Simulator Screen shot Oct 17, 2013 4.51.39 PM.png in Resources */,
				DF826CB81AAECCF200EAC61F /* MYBlurIntroductionView.gif in Resources */,
				DF826CB41AAECCF200EAC61F /* iOS Simulator Screen shot Oct 17, 2013 3.09.56 PM.png in Resources */,
				DF826CBB1AAECCF200EAC61F /* iOS Simulator Screen shot Oct 17, 2013 4.51.41 PM.png in Resources */,
				DF826CBC1AAECCF200EAC61F /* iOS Simulator Screen shot Oct 17, 2013 4.51.43 PM.png in Resources */,
				DF826CAF1AAECCF200EAC61F /* iOS Simulator Screen shot Oct 17, 2013 4.51.36 PM.png in Resources */,
				DF826CB31AAECCF200EAC61F /* iOS Simulator Screen shot Oct 17, 2013 3.09.52 PM.png in Resources */,
				19BD477D1AAD5BA600D44A9D /* LaunchScreen.xib in Resources */,
				DFE2C2E51AB012CC00C66DF9 /* questionnaire.html in Resources */,
				DF826CB91AAECCF200EAC61F /* iOS Simulator Screen shot Oct 17, 2013 4.51.36 PM.png in Resources */,
				19BD477A1AAD5BA600D44A9D /* Images.xcassets in Resources */,
				DF826CB71AAECCF200EAC61F /* iOS Simulator Screen shot Oct 17, 2013 4.42.38 PM.png in Resources */,
			);
			runOnlyForDeploymentPostprocessing = 0;
		};
		19BD47801AAD5BA600D44A9D /* Resources */ = {
			isa = PBXResourcesBuildPhase;
			buildActionMask = 2147483647;
			files = (
			);
			runOnlyForDeploymentPostprocessing = 0;
		};
/* End PBXResourcesBuildPhase section */

/* Begin PBXSourcesBuildPhase section */
		19BD47651AAD5BA600D44A9D /* Sources */ = {
			isa = PBXSourcesBuildPhase;
			buildActionMask = 2147483647;
			files = (
				19BD479C1AAD7BC600D44A9D /* User.m in Sources */,
				DFE2C31E1AB02B9600C66DF9 /* UIActivityIndicatorView+AFNetworking.m in Sources */,
				DFE2C3231AB02B9600C66DF9 /* UIRefreshControl+AFNetworking.m in Sources */,
				DFE2C3201AB02B9600C66DF9 /* UIButton+AFNetworking.m in Sources */,
				DFE2C31F1AB02B9600C66DF9 /* UIAlertView+AFNetworking.m in Sources */,
				19BD47751AAD5BA600D44A9D /* ViewController.m in Sources */,
				DF826CAE1AAECCF200EAC61F /* MYIntroductionPanel.m in Sources */,
				DFE2C2EC1AB02AD700C66DF9 /* ApIClient.m in Sources */,
				DFE2C31B1AB02B9600C66DF9 /* AFURLResponseSerialization.m in Sources */,
				DFE2C3191AB02B9600C66DF9 /* AFURLConnectionOperation.m in Sources */,
				DF015BF41AAE920D00159C7B /* ImportResumeViewController.m in Sources */,
				DF360C631AAD7EB20090FF51 /* LoginViewController.m in Sources */,
				DFE2C3221AB02B9600C66DF9 /* UIProgressView+AFNetworking.m in Sources */,
				DFE2C3151AB02B9600C66DF9 /* AFHTTPRequestOperationManager.m in Sources */,
				DFE2C2E91AB0132C00C66DF9 /* NeedDataViewController.m in Sources */,
				DFE2C3181AB02B9600C66DF9 /* AFSecurityPolicy.m in Sources */,
				19BD47721AAD5BA600D44A9D /* AppDelegate.m in Sources */,
				DF360C661AAD7ED10090FF51 /* RegisterViewController.m in Sources */,
				DFE2C31A1AB02B9600C66DF9 /* AFURLRequestSerialization.m in Sources */,
				DFE2C3171AB02B9600C66DF9 /* AFNetworkReachabilityManager.m in Sources */,
				DF015BF71AAE95FB00159C7B /* VirtualImportViewController.m in Sources */,
				DFE2C3211AB02B9600C66DF9 /* UIImageView+AFNetworking.m in Sources */,
				DFE2C2E31AAFDAC400C66DF9 /* GuideFillViewController.m in Sources */,
				19BD47B71AB060FE00D44A9D /* UserViewController.m in Sources */,
				DF826CAD1AAECCF200EAC61F /* MYBlurIntroductionView.m in Sources */,
				DFE2C3141AB02B9600C66DF9 /* AFHTTPRequestOperation.m in Sources */,
				DFE2C3271AB02D8500C66DF9 /* MarkViewController.m in Sources */,
				19BD476F1AAD5BA600D44A9D /* main.m in Sources */,
				19BD47B41AB060D800D44A9D /* RKCardView.m in Sources */,
				DFE2C31D1AB02B9600C66DF9 /* AFNetworkActivityIndicatorManager.m in Sources */,
				DFE2C3161AB02B9600C66DF9 /* AFHTTPSessionManager.m in Sources */,
				DFE2C3241AB02B9600C66DF9 /* UIWebView+AFNetworking.m in Sources */,
				19BD47991AAD7BBC00D44A9D /* HomeViewControllers.m in Sources */,
				DFE2C31C1AB02B9600C66DF9 /* AFURLSessionManager.m in Sources */,
			);
			runOnlyForDeploymentPostprocessing = 0;
		};
		19BD477E1AAD5BA600D44A9D /* Sources */ = {
			isa = PBXSourcesBuildPhase;
			buildActionMask = 2147483647;
			files = (
				19BD47891AAD5BA600D44A9D /* angerPraiseTests.m in Sources */,
			);
			runOnlyForDeploymentPostprocessing = 0;
		};
/* End PBXSourcesBuildPhase section */

/* Begin PBXTargetDependency section */
		19BD47841AAD5BA600D44A9D /* PBXTargetDependency */ = {
			isa = PBXTargetDependency;
			target = 19BD47681AAD5BA600D44A9D /* angerPraise */;
			targetProxy = 19BD47831AAD5BA600D44A9D /* PBXContainerItemProxy */;
		};
/* End PBXTargetDependency section */

/* Begin PBXVariantGroup section */
		19BD47761AAD5BA600D44A9D /* Main.storyboard */ = {
			isa = PBXVariantGroup;
			children = (
				19BD47771AAD5BA600D44A9D /* Base */,
			);
			name = Main.storyboard;
			sourceTree = "<group>";
		};
		19BD477B1AAD5BA600D44A9D /* LaunchScreen.xib */ = {
			isa = PBXVariantGroup;
			children = (
				19BD477C1AAD5BA600D44A9D /* Base */,
			);
			name = LaunchScreen.xib;
			sourceTree = "<group>";
		};
/* End PBXVariantGroup section */

/* Begin XCBuildConfiguration section */
		19BD478A1AAD5BA600D44A9D /* Debug */ = {
			isa = XCBuildConfiguration;
			buildSettings = {
				ALWAYS_SEARCH_USER_PATHS = NO;
				CLANG_CXX_LANGUAGE_STANDARD = "gnu++0x";
				CLANG_CXX_LIBRARY = "libc++";
				CLANG_ENABLE_MODULES = YES;
				CLANG_ENABLE_OBJC_ARC = YES;
				CLANG_WARN_BOOL_CONVERSION = YES;
				CLANG_WARN_CONSTANT_CONVERSION = YES;
				CLANG_WARN_DIRECT_OBJC_ISA_USAGE = YES_ERROR;
				CLANG_WARN_EMPTY_BODY = YES;
				CLANG_WARN_ENUM_CONVERSION = YES;
				CLANG_WARN_INT_CONVERSION = YES;
				CLANG_WARN_OBJC_ROOT_CLASS = YES_ERROR;
				CLANG_WARN_UNREACHABLE_CODE = YES;
				CLANG_WARN__DUPLICATE_METHOD_MATCH = YES;
				"CODE_SIGN_IDENTITY[sdk=iphoneos*]" = "iPhone Developer";
				COPY_PHASE_STRIP = NO;
				ENABLE_STRICT_OBJC_MSGSEND = YES;
				GCC_C_LANGUAGE_STANDARD = gnu99;
				GCC_DYNAMIC_NO_PIC = NO;
				GCC_OPTIMIZATION_LEVEL = 0;
				GCC_PREPROCESSOR_DEFINITIONS = (
					"DEBUG=1",
					"$(inherited)",
				);
				GCC_SYMBOLS_PRIVATE_EXTERN = NO;
				GCC_WARN_64_TO_32_BIT_CONVERSION = YES;
				GCC_WARN_ABOUT_RETURN_TYPE = YES_ERROR;
				GCC_WARN_UNDECLARED_SELECTOR = YES;
				GCC_WARN_UNINITIALIZED_AUTOS = YES_AGGRESSIVE;
				GCC_WARN_UNUSED_FUNCTION = YES;
				GCC_WARN_UNUSED_VARIABLE = YES;
				IPHONEOS_DEPLOYMENT_TARGET = 8.1;
				MTL_ENABLE_DEBUG_INFO = YES;
				ONLY_ACTIVE_ARCH = YES;
				SDKROOT = iphoneos;
			};
			name = Debug;
		};
		19BD478B1AAD5BA600D44A9D /* Release */ = {
			isa = XCBuildConfiguration;
			buildSettings = {
				ALWAYS_SEARCH_USER_PATHS = NO;
				CLANG_CXX_LANGUAGE_STANDARD = "gnu++0x";
				CLANG_CXX_LIBRARY = "libc++";
				CLANG_ENABLE_MODULES = YES;
				CLANG_ENABLE_OBJC_ARC = YES;
				CLANG_WARN_BOOL_CONVERSION = YES;
				CLANG_WARN_CONSTANT_CONVERSION = YES;
				CLANG_WARN_DIRECT_OBJC_ISA_USAGE = YES_ERROR;
				CLANG_WARN_EMPTY_BODY = YES;
				CLANG_WARN_ENUM_CONVERSION = YES;
				CLANG_WARN_INT_CONVERSION = YES;
				CLANG_WARN_OBJC_ROOT_CLASS = YES_ERROR;
				CLANG_WARN_UNREACHABLE_CODE = YES;
				CLANG_WARN__DUPLICATE_METHOD_MATCH = YES;
				"CODE_SIGN_IDENTITY[sdk=iphoneos*]" = "iPhone Developer";
				COPY_PHASE_STRIP = YES;
				ENABLE_NS_ASSERTIONS = NO;
				ENABLE_STRICT_OBJC_MSGSEND = YES;
				GCC_C_LANGUAGE_STANDARD = gnu99;
				GCC_WARN_64_TO_32_BIT_CONVERSION = YES;
				GCC_WARN_ABOUT_RETURN_TYPE = YES_ERROR;
				GCC_WARN_UNDECLARED_SELECTOR = YES;
				GCC_WARN_UNINITIALIZED_AUTOS = YES_AGGRESSIVE;
				GCC_WARN_UNUSED_FUNCTION = YES;
				GCC_WARN_UNUSED_VARIABLE = YES;
				IPHONEOS_DEPLOYMENT_TARGET = 8.1;
				MTL_ENABLE_DEBUG_INFO = NO;
				SDKROOT = iphoneos;
				VALIDATE_PRODUCT = YES;
			};
			name = Release;
		};
		19BD478D1AAD5BA600D44A9D /* Debug */ = {
			isa = XCBuildConfiguration;
			buildSettings = {
				ASSETCATALOG_COMPILER_APPICON_NAME = AppIcon;
				INFOPLIST_FILE = angerPraise/Info.plist;
				IPHONEOS_DEPLOYMENT_TARGET = 8.1;
				LD_RUNPATH_SEARCH_PATHS = "$(inherited) @executable_path/Frameworks";
				PRODUCT_NAME = "$(TARGET_NAME)";
			};
			name = Debug;
		};
		19BD478E1AAD5BA600D44A9D /* Release */ = {
			isa = XCBuildConfiguration;
			buildSettings = {
				ASSETCATALOG_COMPILER_APPICON_NAME = AppIcon;
				INFOPLIST_FILE = angerPraise/Info.plist;
				IPHONEOS_DEPLOYMENT_TARGET = 8.1;
				LD_RUNPATH_SEARCH_PATHS = "$(inherited) @executable_path/Frameworks";
				PRODUCT_NAME = "$(TARGET_NAME)";
			};
			name = Release;
		};
		19BD47901AAD5BA600D44A9D /* Debug */ = {
			isa = XCBuildConfiguration;
			buildSettings = {
				BUNDLE_LOADER = "$(TEST_HOST)";
				FRAMEWORK_SEARCH_PATHS = (
					"$(SDKROOT)/Developer/Library/Frameworks",
					"$(inherited)",
				);
				GCC_PREPROCESSOR_DEFINITIONS = (
					"DEBUG=1",
					"$(inherited)",
				);
				INFOPLIST_FILE = angerPraiseTests/Info.plist;
				LD_RUNPATH_SEARCH_PATHS = "$(inherited) @executable_path/Frameworks @loader_path/Frameworks";
				PRODUCT_NAME = "$(TARGET_NAME)";
				TEST_HOST = "$(BUILT_PRODUCTS_DIR)/angerPraise.app/angerPraise";
			};
			name = Debug;
		};
		19BD47911AAD5BA600D44A9D /* Release */ = {
			isa = XCBuildConfiguration;
			buildSettings = {
				BUNDLE_LOADER = "$(TEST_HOST)";
				FRAMEWORK_SEARCH_PATHS = (
					"$(SDKROOT)/Developer/Library/Frameworks",
					"$(inherited)",
				);
				INFOPLIST_FILE = angerPraiseTests/Info.plist;
				LD_RUNPATH_SEARCH_PATHS = "$(inherited) @executable_path/Frameworks @loader_path/Frameworks";
				PRODUCT_NAME = "$(TARGET_NAME)";
				TEST_HOST = "$(BUILT_PRODUCTS_DIR)/angerPraise.app/angerPraise";
			};
			name = Release;
		};
/* End XCBuildConfiguration section */

/* Begin XCConfigurationList section */
		19BD47641AAD5BA500D44A9D /* Build configuration list for PBXProject "angerPraise" */ = {
			isa = XCConfigurationList;
			buildConfigurations = (
				19BD478A1AAD5BA600D44A9D /* Debug */,
				19BD478B1AAD5BA600D44A9D /* Release */,
			);
			defaultConfigurationIsVisible = 0;
			defaultConfigurationName = Release;
		};
		19BD478C1AAD5BA600D44A9D /* Build configuration list for PBXNativeTarget "angerPraise" */ = {
			isa = XCConfigurationList;
			buildConfigurations = (
				19BD478D1AAD5BA600D44A9D /* Debug */,
				19BD478E1AAD5BA600D44A9D /* Release */,
			);
			defaultConfigurationIsVisible = 0;
			defaultConfigurationName = Release;
		};
		19BD478F1AAD5BA600D44A9D /* Build configuration list for PBXNativeTarget "angerPraiseTests" */ = {
			isa = XCConfigurationList;
			buildConfigurations = (
				19BD47901AAD5BA600D44A9D /* Debug */,
				19BD47911AAD5BA600D44A9D /* Release */,
			);
			defaultConfigurationIsVisible = 0;
			defaultConfigurationName = Release;
		};
/* End XCConfigurationList section */
	};
	rootObject = 19BD47611AAD5BA500D44A9D /* Project object */;
}
