// !$*UTF8*$!
{
	archiveVersion = 1;
	classes = {
	};
	objectVersion = 46;
	objects = {

/* Begin PBXBuildFile section */
		19BD476F1AAD5BA600D44A9D /* main.m in Sources */ = {isa = PBXBuildFile; fileRef = 19BD476E1AAD5BA600D44A9D /* main.m */; };
		19BD47721AAD5BA600D44A9D /* AppDelegate.m in Sources */ = {isa = PBXBuildFile; fileRef = 19BD47711AAD5BA600D44A9D /* AppDelegate.m */; };
		19BD47751AAD5BA600D44A9D /* ViewController.m in Sources */ = {isa = PBXBuildFile; fileRef = 19BD47741AAD5BA600D44A9D /* ViewController.m */; };
		19BD47781AAD5BA600D44A9D /* Main.storyboard in Resources */ = {isa = PBXBuildFile; fileRef = 19BD47761AAD5BA600D44A9D /* Main.storyboard */; };
		19BD477A1AAD5BA600D44A9D /* Images.xcassets in Resources */ = {isa = PBXBuildFile; fileRef = 19BD47791AAD5BA600D44A9D /* Images.xcassets */; };
		19BD477D1AAD5BA600D44A9D /* LaunchScreen.xib in Resources */ = {isa = PBXBuildFile; fileRef = 19BD477B1AAD5BA600D44A9D /* LaunchScreen.xib */; };
		19BD47891AAD5BA600D44A9D /* angerPraiseTests.m in Sources */ = {isa = PBXBuildFile; fileRef = 19BD47881AAD5BA600D44A9D /* angerPraiseTests.m */; };
		19BD47991AAD7BBC00D44A9D /* HomeViewControllers.m in Sources */ = {isa = PBXBuildFile; fileRef = 19BD47981AAD7BBC00D44A9D /* HomeViewControllers.m */; };
		19BD479C1AAD7BC600D44A9D /* User.m in Sources */ = {isa = PBXBuildFile; fileRef = 19BD479B1AAD7BC600D44A9D /* User.m */; };
		DF015BF41AAE920D00159C7B /* ImportResumeViewController.m in Sources */ = {isa = PBXBuildFile; fileRef = DF015BF31AAE920D00159C7B /* ImportResumeViewController.m */; };
		DF015BF71AAE95FB00159C7B /* VirtualImportViewController.m in Sources */ = {isa = PBXBuildFile; fileRef = DF015BF61AAE95FB00159C7B /* VirtualImportViewController.m */; };
		DF360C631AAD7EB20090FF51 /* LoginViewController.m in Sources */ = {isa = PBXBuildFile; fileRef = DF360C621AAD7EB20090FF51 /* LoginViewController.m */; };
		DF360C661AAD7ED10090FF51 /* RegisterViewController.m in Sources */ = {isa = PBXBuildFile; fileRef = DF360C651AAD7ED10090FF51 /* RegisterViewController.m */; };
		DF826CAD1AAECCF200EAC61F /* MYBlurIntroductionView.m in Sources */ = {isa = PBXBuildFile; fileRef = DF826C981AAECCF200EAC61F /* MYBlurIntroductionView.m */; };
		DF826CAE1AAECCF200EAC61F /* MYIntroductionPanel.m in Sources */ = {isa = PBXBuildFile; fileRef = DF826C9A1AAECCF200EAC61F /* MYIntroductionPanel.m */; };
		DF826CAF1AAECCF200EAC61F /* iOS Simulator Screen shot Oct 17, 2013 4.51.36 PM.png in Resources */ = {isa = PBXBuildFile; fileRef = DF826C9E1AAECCF200EAC61F /* iOS Simulator Screen shot Oct 17, 2013 4.51.36 PM.png */; };
		DF826CB01AAECCF200EAC61F /* iOS Simulator Screen shot Oct 17, 2013 4.51.39 PM.png in Resources */ = {isa = PBXBuildFile; fileRef = DF826C9F1AAECCF200EAC61F /* iOS Simulator Screen shot Oct 17, 2013 4.51.39 PM.png */; };
		DF826CB11AAECCF200EAC61F /* iOS Simulator Screen shot Oct 17, 2013 4.51.41 PM.png in Resources */ = {isa = PBXBuildFile; fileRef = DF826CA01AAECCF200EAC61F /* iOS Simulator Screen shot Oct 17, 2013 4.51.41 PM.png */; };
		DF826CB21AAECCF200EAC61F /* iOS Simulator Screen shot Oct 17, 2013 4.51.43 PM.png in Resources */ = {isa = PBXBuildFile; fileRef = DF826CA11AAECCF200EAC61F /* iOS Simulator Screen shot Oct 17, 2013 4.51.43 PM.png */; };
		DF826CB31AAECCF200EAC61F /* iOS Simulator Screen shot Oct 17, 2013 3.09.52 PM.png in Resources */ = {isa = PBXBuildFile; fileRef = DF826CA21AAECCF200EAC61F /* iOS Simulator Screen shot Oct 17, 2013 3.09.52 PM.png */; };
		DF826CB41AAECCF200EAC61F /* iOS Simulator Screen shot Oct 17, 2013 3.09.56 PM.png in Resources */ = {isa = PBXBuildFile; fileRef = DF826CA31AAECCF200EAC61F /* iOS Simulator Screen shot Oct 17, 2013 3.09.56 PM.png */; };
		DF826CB51AAECCF200EAC61F /* iOS Simulator Screen shot Oct 17, 2013 3.10.00 PM.png in Resources */ = {isa = PBXBuildFile; fileRef = DF826CA41AAECCF200EAC61F /* iOS Simulator Screen shot Oct 17, 2013 3.10.00 PM.png */; };
		DF826CB61AAECCF200EAC61F /* iOS Simulator Screen shot Oct 17, 2013 4.42.36 PM.png in Resources */ = {isa = PBXBuildFile; fileRef = DF826CA51AAECCF200EAC61F /* iOS Simulator Screen shot Oct 17, 2013 4.42.36 PM.png */; };
		DF826CB71AAECCF200EAC61F /* iOS Simulator Screen shot Oct 17, 2013 4.42.38 PM.png in Resources */ = {isa = PBXBuildFile; fileRef = DF826CA61AAECCF200EAC61F /* iOS Simulator Screen shot Oct 17, 2013 4.42.38 PM.png */; };
		DF826CB81AAECCF200EAC61F /* MYBlurIntroductionView.gif in Resources */ = {isa = PBXBuildFile; fileRef = DF826CA71AAECCF200EAC61F /* MYBlurIntroductionView.gif */; };
		DF826CB91AAECCF200EAC61F /* iOS Simulator Screen shot Oct 17, 2013 4.51.36 PM.png in Resources */ = {isa = PBXBuildFile; fileRef = DF826CA91AAECCF200EAC61F /* iOS Simulator Screen shot Oct 17, 2013 4.51.36 PM.png */; };
		DF826CBA1AAECCF200EAC61F /* iOS Simulator Screen shot Oct 17, 2013 4.51.39 PM.png in Resources */ = {isa = PBXBuildFile; fileRef = DF826CAA1AAECCF200EAC61F /* iOS Simulator Screen shot Oct 17, 2013 4.51.39 PM.png */; };
		DF826CBB1AAECCF200EAC61F /* iOS Simulator Screen shot Oct 17, 2013 4.51.41 PM.png in Resources */ = {isa = PBXBuildFile; fileRef = DF826CAB1AAECCF200EAC61F /* iOS Simulator Screen shot Oct 17, 2013 4.51.41 PM.png */; };
		DF826CBC1AAECCF200EAC61F /* iOS Simulator Screen shot Oct 17, 2013 4.51.43 PM.png in Resources */ = {isa = PBXBuildFile; fileRef = DF826CAC1AAECCF200EAC61F /* iOS Simulator Screen shot Oct 17, 2013 4.51.43 PM.png */; };
/* End PBXBuildFile section */

/* Begin PBXContainerItemProxy section */
		19BD47831AAD5BA600D44A9D /* PBXContainerItemProxy */ = {
			isa = PBXContainerItemProxy;
			containerPortal = 19BD47611AAD5BA500D44A9D /* Project object */;
			proxyType = 1;
			remoteGlobalIDString = 19BD47681AAD5BA600D44A9D;
			remoteInfo = angerPraise;
		};
/* End PBXContainerItemProxy section */

/* Begin PBXFileReference section */
		19BD47691AAD5BA600D44A9D /* angerPraise.app */ = {isa = PBXFileReference; explicitFileType = wrapper.application; includeInIndex = 0; path = angerPraise.app; sourceTree = BUILT_PRODUCTS_DIR; };
		19BD476D1AAD5BA600D44A9D /* Info.plist */ = {isa = PBXFileReference; lastKnownFileType = text.plist.xml; path = Info.plist; sourceTree = "<group>"; };
		19BD476E1AAD5BA600D44A9D /* main.m */ = {isa = PBXFileReference; lastKnownFileType = sourcecode.c.objc; path = main.m; sourceTree = "<group>"; };
		19BD47701AAD5BA600D44A9D /* AppDelegate.h */ = {isa = PBXFileReference; lastKnownFileType = sourcecode.c.h; path = AppDelegate.h; sourceTree = "<group>"; };
		19BD47711AAD5BA600D44A9D /* AppDelegate.m */ = {isa = PBXFileReference; lastKnownFileType = sourcecode.c.objc; path = AppDelegate.m; sourceTree = "<group>"; };
		19BD47731AAD5BA600D44A9D /* ViewController.h */ = {isa = PBXFileReference; lastKnownFileType = sourcecode.c.h; path = ViewController.h; sourceTree = "<group>"; };
		19BD47741AAD5BA600D44A9D /* ViewController.m */ = {isa = PBXFileReference; lastKnownFileType = sourcecode.c.objc; path = ViewController.m; sourceTree = "<group>"; };
		19BD47771AAD5BA600D44A9D /* Base */ = {isa = PBXFileReference; lastKnownFileType = file.storyboard; name = Base; path = Base.lproj/Main.storyboard; sourceTree = "<group>"; };
		19BD47791AAD5BA600D44A9D /* Images.xcassets */ = {isa = PBXFileReference; lastKnownFileType = folder.assetcatalog; path = Images.xcassets; sourceTree = "<group>"; };
		19BD477C1AAD5BA600D44A9D /* Base */ = {isa = PBXFileReference; lastKnownFileType = file.xib; name = Base; path = Base.lproj/LaunchScreen.xib; sourceTree = "<group>"; };
		19BD47821AAD5BA600D44A9D /* angerPraiseTests.xctest */ = {isa = PBXFileReference; explicitFileType = wrapper.cfbundle; includeInIndex = 0; path = angerPraiseTests.xctest; sourceTree = BUILT_PRODUCTS_DIR; };
		19BD47871AAD5BA600D44A9D /* Info.plist */ = {isa = PBXFileReference; lastKnownFileType = text.plist.xml; path = Info.plist; sourceTree = "<group>"; };
		19BD47881AAD5BA600D44A9D /* angerPraiseTests.m */ = {isa = PBXFileReference; lastKnownFileType = sourcecode.c.objc; path = angerPraiseTests.m; sourceTree = "<group>"; };
		19BD47971AAD7BBC00D44A9D /* HomeViewControllers.h */ = {isa = PBXFileReference; fileEncoding = 4; lastKnownFileType = sourcecode.c.h; path = HomeViewControllers.h; sourceTree = "<group>"; };
		19BD47981AAD7BBC00D44A9D /* HomeViewControllers.m */ = {isa = PBXFileReference; fileEncoding = 4; lastKnownFileType = sourcecode.c.objc; path = HomeViewControllers.m; sourceTree = "<group>"; };
		19BD479A1AAD7BC600D44A9D /* User.h */ = {isa = PBXFileReference; fileEncoding = 4; lastKnownFileType = sourcecode.c.h; path = User.h; sourceTree = "<group>"; };
		19BD479B1AAD7BC600D44A9D /* User.m */ = {isa = PBXFileReference; fileEncoding = 4; lastKnownFileType = sourcecode.c.objc; path = User.m; sourceTree = "<group>"; };
		DF015BF21AAE920D00159C7B /* ImportResumeViewController.h */ = {isa = PBXFileReference; fileEncoding = 4; lastKnownFileType = sourcecode.c.h; path = ImportResumeViewController.h; sourceTree = "<group>"; };
		DF015BF31AAE920D00159C7B /* ImportResumeViewController.m */ = {isa = PBXFileReference; fileEncoding = 4; lastKnownFileType = sourcecode.c.objc; path = ImportResumeViewController.m; sourceTree = "<group>"; };
		DF015BF51AAE95FB00159C7B /* VirtualImportViewController.h */ = {isa = PBXFileReference; fileEncoding = 4; lastKnownFileType = sourcecode.c.h; path = VirtualImportViewController.h; sourceTree = "<group>"; };
		DF015BF61AAE95FB00159C7B /* VirtualImportViewController.m */ = {isa = PBXFileReference; fileEncoding = 4; lastKnownFileType = sourcecode.c.objc; path = VirtualImportViewController.m; sourceTree = "<group>"; };
		DF360C611AAD7EB20090FF51 /* LoginViewController.h */ = {isa = PBXFileReference; fileEncoding = 4; lastKnownFileType = sourcecode.c.h; path = LoginViewController.h; sourceTree = "<group>"; };
		DF360C621AAD7EB20090FF51 /* LoginViewController.m */ = {isa = PBXFileReference; fileEncoding = 4; lastKnownFileType = sourcecode.c.objc; path = LoginViewController.m; sourceTree = "<group>"; };
		DF360C641AAD7ED00090FF51 /* RegisterViewController.h */ = {isa = PBXFileReference; fileEncoding = 4; lastKnownFileType = sourcecode.c.h; path = RegisterViewController.h; sourceTree = "<group>"; };
		DF360C651AAD7ED10090FF51 /* RegisterViewController.m */ = {isa = PBXFileReference; fileEncoding = 4; lastKnownFileType = sourcecode.c.objc; path = RegisterViewController.m; sourceTree = "<group>"; };
		DF826C971AAECCF200EAC61F /* MYBlurIntroductionView.h */ = {isa = PBXFileReference; fileEncoding = 4; lastKnownFileType = sourcecode.c.h; path = MYBlurIntroductionView.h; sourceTree = "<group>"; };
		DF826C981AAECCF200EAC61F /* MYBlurIntroductionView.m */ = {isa = PBXFileReference; fileEncoding = 4; lastKnownFileType = sourcecode.c.objc; path = MYBlurIntroductionView.m; sourceTree = "<group>"; };
		DF826C991AAECCF200EAC61F /* MYIntroductionPanel.h */ = {isa = PBXFileReference; fileEncoding = 4; lastKnownFileType = sourcecode.c.h; path = MYIntroductionPanel.h; sourceTree = "<group>"; };
		DF826C9A1AAECCF200EAC61F /* MYIntroductionPanel.m */ = {isa = PBXFileReference; fileEncoding = 4; lastKnownFileType = sourcecode.c.objc; path = MYIntroductionPanel.m; sourceTree = "<group>"; };
		DF826C9E1AAECCF200EAC61F /* iOS Simulator Screen shot Oct 17, 2013 4.51.36 PM.png */ = {isa = PBXFileReference; lastKnownFileType = image.png; path = "iOS Simulator Screen shot Oct 17, 2013 4.51.36 PM.png"; sourceTree = "<group>"; };
		DF826C9F1AAECCF200EAC61F /* iOS Simulator Screen shot Oct 17, 2013 4.51.39 PM.png */ = {isa = PBXFileReference; lastKnownFileType = image.png; path = "iOS Simulator Screen shot Oct 17, 2013 4.51.39 PM.png"; sourceTree = "<group>"; };
		DF826CA01AAECCF200EAC61F /* iOS Simulator Screen shot Oct 17, 2013 4.51.41 PM.png */ = {isa = PBXFileReference; lastKnownFileType = image.png; path = "iOS Simulator Screen shot Oct 17, 2013 4.51.41 PM.png"; sourceTree = "<group>"; };
		DF826CA11AAECCF200EAC61F /* iOS Simulator Screen shot Oct 17, 2013 4.51.43 PM.png */ = {isa = PBXFileReference; lastKnownFileType = image.png; path = "iOS Simulator Screen shot Oct 17, 2013 4.51.43 PM.png"; sourceTree = "<group>"; };
		DF826CA21AAECCF200EAC61F /* iOS Simulator Screen shot Oct 17, 2013 3.09.52 PM.png */ = {isa = PBXFileReference; lastKnownFileType = image.png; path = "iOS Simulator Screen shot Oct 17, 2013 3.09.52 PM.png"; sourceTree = "<group>"; };
		DF826CA31AAECCF200EAC61F /* iOS Simulator Screen shot Oct 17, 2013 3.09.56 PM.png */ = {isa = PBXFileReference; lastKnownFileType = image.png; path = "iOS Simulator Screen shot Oct 17, 2013 3.09.56 PM.png"; sourceTree = "<group>"; };
		DF826CA41AAECCF200EAC61F /* iOS Simulator Screen shot Oct 17, 2013 3.10.00 PM.png */ = {isa = PBXFileReference; lastKnownFileType = image.png; path = "iOS Simulator Screen shot Oct 17, 2013 3.10.00 PM.png"; sourceTree = "<group>"; };
		DF826CA51AAECCF200EAC61F /* iOS Simulator Screen shot Oct 17, 2013 4.42.36 PM.png */ = {isa = PBXFileReference; lastKnownFileType = image.png; path = "iOS Simulator Screen shot Oct 17, 2013 4.42.36 PM.png"; sourceTree = "<group>"; };
		DF826CA61AAECCF200EAC61F /* iOS Simulator Screen shot Oct 17, 2013 4.42.38 PM.png */ = {isa = PBXFileReference; lastKnownFileType = image.png; path = "iOS Simulator Screen shot Oct 17, 2013 4.42.38 PM.png"; sourceTree = "<group>"; };
		DF826CA71AAECCF200EAC61F /* MYBlurIntroductionView.gif */ = {isa = PBXFileReference; lastKnownFileType = image.gif; path = MYBlurIntroductionView.gif; sourceTree = "<group>"; };
		DF826CA91AAECCF200EAC61F /* iOS Simulator Screen shot Oct 17, 2013 4.51.36 PM.png */ = {isa = PBXFileReference; lastKnownFileType = image.png; path = "iOS Simulator Screen shot Oct 17, 2013 4.51.36 PM.png"; sourceTree = "<group>"; };
		DF826CAA1AAECCF200EAC61F /* iOS Simulator Screen shot Oct 17, 2013 4.51.39 PM.png */ = {isa = PBXFileReference; lastKnownFileType = image.png; path = "iOS Simulator Screen shot Oct 17, 2013 4.51.39 PM.png"; sourceTree = "<group>"; };
		DF826CAB1AAECCF200EAC61F /* iOS Simulator Screen shot Oct 17, 2013 4.51.41 PM.png */ = {isa = PBXFileReference; lastKnownFileType = image.png; path = "iOS Simulator Screen shot Oct 17, 2013 4.51.41 PM.png"; sourceTree = "<group>"; };
		DF826CAC1AAECCF200EAC61F /* iOS Simulator Screen shot Oct 17, 2013 4.51.43 PM.png */ = {isa = PBXFileReference; lastKnownFileType = image.png; path = "iOS Simulator Screen shot Oct 17, 2013 4.51.43 PM.png"; sourceTree = "<group>"; };
/* End PBXFileReference section */

/* Begin PBXFrameworksBuildPhase section */
		19BD47661AAD5BA600D44A9D /* Frameworks */ = {
			isa = PBXFrameworksBuildPhase;
			buildActionMask = 2147483647;
			files = (
			);
			runOnlyForDeploymentPostprocessing = 0;
		};
		19BD477F1AAD5BA600D44A9D /* Frameworks */ = {
			isa = PBXFrameworksBuildPhase;
			buildActionMask = 2147483647;
			files = (
			);
			runOnlyForDeploymentPostprocessing = 0;
		};
/* End PBXFrameworksBuildPhase section */

/* Begin PBXGroup section */
		19BD47601AAD5BA500D44A9D = {
			isa = PBXGroup;
			children = (
				19BD476B1AAD5BA600D44A9D /* angerPraise */,
				19BD47851AAD5BA600D44A9D /* angerPraiseTests */,
				19BD476A1AAD5BA600D44A9D /* Products */,
			);
			sourceTree = "<group>";
		};
		19BD476A1AAD5BA600D44A9D /* Products */ = {
			isa = PBXGroup;
			children = (
				19BD47691AAD5BA600D44A9D /* angerPraise.app */,
				19BD47821AAD5BA600D44A9D /* angerPraiseTests.xctest */,
			);
			name = Products;
			sourceTree = "<group>";
		};
		19BD476B1AAD5BA600D44A9D /* angerPraise */ = {
			isa = PBXGroup;
			children = (
				DF826C951AAECCE100EAC61F /* Classes */,
				19BD47931AAD685600D44A9D /* Models */,
				19BD47951AAD685600D44A9D /* ViewControllers */,
				19BD47961AAD685600D44A9D /* Views */,
				19BD47701AAD5BA600D44A9D /* AppDelegate.h */,
				19BD47711AAD5BA600D44A9D /* AppDelegate.m */,
				19BD47731AAD5BA600D44A9D /* ViewController.h */,
				19BD47741AAD5BA600D44A9D /* ViewController.m */,
				19BD47761AAD5BA600D44A9D /* Main.storyboard */,
				19BD47791AAD5BA600D44A9D /* Images.xcassets */,
				19BD477B1AAD5BA600D44A9D /* LaunchScreen.xib */,
				19BD476C1AAD5BA600D44A9D /* Supporting Files */,
			);
			path = angerPraise;
			sourceTree = "<group>";
		};
		19BD476C1AAD5BA600D44A9D /* Supporting Files */ = {
			isa = PBXGroup;
			children = (
				19BD476D1AAD5BA600D44A9D /* Info.plist */,
				19BD476E1AAD5BA600D44A9D /* main.m */,
			);
			name = "Supporting Files";
			sourceTree = "<group>";
		};
		19BD47851AAD5BA600D44A9D /* angerPraiseTests */ = {
			isa = PBXGroup;
			children = (
				19BD47881AAD5BA600D44A9D /* angerPraiseTests.m */,
				19BD47861AAD5BA600D44A9D /* Supporting Files */,
			);
			path = angerPraiseTests;
			sourceTree = "<group>";
		};
		19BD47861AAD5BA600D44A9D /* Supporting Files */ = {
			isa = PBXGroup;
			children = (
				19BD47871AAD5BA600D44A9D /* Info.plist */,
			);
			name = "Supporting Files";
			sourceTree = "<group>";
		};
		19BD47931AAD685600D44A9D /* Models */ = {
			isa = PBXGroup;
			children = (
				19BD479A1AAD7BC600D44A9D /* User.h */,
				19BD479B1AAD7BC600D44A9D /* User.m */,
			);
			path = Models;
			sourceTree = "<group>";
		};
		19BD47951AAD685600D44A9D /* ViewControllers */ = {
			isa = PBXGroup;
			children = (
				DF015BF11AAE91CE00159C7B /* Resume */,
				DF360C601AAD7E3D0090FF51 /* User */,
				19BD47971AAD7BBC00D44A9D /* HomeViewControllers.h */,
				19BD47981AAD7BBC00D44A9D /* HomeViewControllers.m */,
			);
			path = ViewControllers;
			sourceTree = "<group>";
		};
		19BD47961AAD685600D44A9D /* Views */ = {
			isa = PBXGroup;
			children = (
			);
			path = Views;
			sourceTree = "<group>";
		};
		DF015BF11AAE91CE00159C7B /* Resume */ = {
			isa = PBXGroup;
			children = (
				DF015BF21AAE920D00159C7B /* ImportResumeViewController.h */,
				DF015BF31AAE920D00159C7B /* ImportResumeViewController.m */,
				DF015BF51AAE95FB00159C7B /* VirtualImportViewController.h */,
				DF015BF61AAE95FB00159C7B /* VirtualImportViewController.m */,
			);
			path = Resume;
			sourceTree = "<group>";
		};
		DF360C601AAD7E3D0090FF51 /* User */ = {
			isa = PBXGroup;
			children = (
				DF360C611AAD7EB20090FF51 /* LoginViewController.h */,
				DF360C621AAD7EB20090FF51 /* LoginViewController.m */,
				DF360C641AAD7ED00090FF51 /* RegisterViewController.h */,
				DF360C651AAD7ED10090FF51 /* RegisterViewController.m */,
			);
			path = User;
			sourceTree = "<group>";
		};
		DF826C951AAECCE100EAC61F /* Classes */ = {
			isa = PBXGroup;
			children = (
				DF826C961AAECCF200EAC61F /* MYBlurIntroductionView */,
			);
			path = Classes;
			sourceTree = "<group>";
		};
		DF826C961AAECCF200EAC61F /* MYBlurIntroductionView */ = {
			isa = PBXGroup;
			children = (
				DF826C971AAECCF200EAC61F /* MYBlurIntroductionView.h */,
				DF826C981AAECCF200EAC61F /* MYBlurIntroductionView.m */,
				DF826C991AAECCF200EAC61F /* MYIntroductionPanel.h */,
				DF826C9A1AAECCF200EAC61F /* MYIntroductionPanel.m */,
				DF826C9B1AAECCF200EAC61F /* Resources */,
			);
			path = MYBlurIntroductionView;
			sourceTree = "<group>";
		};
		DF826C9B1AAECCF200EAC61F /* Resources */ = {
			isa = PBXGroup;
			children = (
				DF826C9C1AAECCF200EAC61F /* Images */,
			);
			path = Resources;
			sourceTree = "<group>";
		};
		DF826C9C1AAECCF200EAC61F /* Images */ = {
			isa = PBXGroup;
			children = (
				DF826C9D1AAECCF200EAC61F /* FullSize */,
				DF826CA21AAECCF200EAC61F /* iOS Simulator Screen shot Oct 17, 2013 3.09.52 PM.png */,
				DF826CA31AAECCF200EAC61F /* iOS Simulator Screen shot Oct 17, 2013 3.09.56 PM.png */,
				DF826CA41AAECCF200EAC61F /* iOS Simulator Screen shot Oct 17, 2013 3.10.00 PM.png */,
				DF826CA51AAECCF200EAC61F /* iOS Simulator Screen shot Oct 17, 2013 4.42.36 PM.png */,
				DF826CA61AAECCF200EAC61F /* iOS Simulator Screen shot Oct 17, 2013 4.42.38 PM.png */,
				DF826CA71AAECCF200EAC61F /* MYBlurIntroductionView.gif */,
				DF826CA81AAECCF200EAC61F /* Top */,
			);
			path = Images;
			sourceTree = "<group>";
		};
		DF826C9D1AAECCF200EAC61F /* FullSize */ = {
			isa = PBXGroup;
			children = (
				DF826C9E1AAECCF200EAC61F /* iOS Simulator Screen shot Oct 17, 2013 4.51.36 PM.png */,
				DF826C9F1AAECCF200EAC61F /* iOS Simulator Screen shot Oct 17, 2013 4.51.39 PM.png */,
				DF826CA01AAECCF200EAC61F /* iOS Simulator Screen shot Oct 17, 2013 4.51.41 PM.png */,
				DF826CA11AAECCF200EAC61F /* iOS Simulator Screen shot Oct 17, 2013 4.51.43 PM.png */,
			);
			path = FullSize;
			sourceTree = "<group>";
		};
		DF826CA81AAECCF200EAC61F /* Top */ = {
			isa = PBXGroup;
			children = (
				DF826CA91AAECCF200EAC61F /* iOS Simulator Screen shot Oct 17, 2013 4.51.36 PM.png */,
				DF826CAA1AAECCF200EAC61F /* iOS Simulator Screen shot Oct 17, 2013 4.51.39 PM.png */,
				DF826CAB1AAECCF200EAC61F /* iOS Simulator Screen shot Oct 17, 2013 4.51.41 PM.png */,
				DF826CAC1AAECCF200EAC61F /* iOS Simulator Screen shot Oct 17, 2013 4.51.43 PM.png */,
			);
			path = Top;
			sourceTree = "<group>";
		};
/* End PBXGroup section */

/* Begin PBXNativeTarget section */
		19BD47681AAD5BA600D44A9D /* angerPraise */ = {
			isa = PBXNativeTarget;
			buildConfigurationList = 19BD478C1AAD5BA600D44A9D /* Build configuration list for PBXNativeTarget "angerPraise" */;
			buildPhases = (
				19BD47651AAD5BA600D44A9D /* Sources */,
				19BD47661AAD5BA600D44A9D /* Frameworks */,
				19BD47671AAD5BA600D44A9D /* Resources */,
			);
			buildRules = (
			);
			dependencies = (
			);
			name = angerPraise;
			productName = angerPraise;
			productReference = 19BD47691AAD5BA600D44A9D /* angerPraise.app */;
			productType = "com.apple.product-type.application";
		};
		19BD47811AAD5BA600D44A9D /* angerPraiseTests */ = {
			isa = PBXNativeTarget;
			buildConfigurationList = 19BD478F1AAD5BA600D44A9D /* Build configuration list for PBXNativeTarget "angerPraiseTests" */;
			buildPhases = (
				19BD477E1AAD5BA600D44A9D /* Sources */,
				19BD477F1AAD5BA600D44A9D /* Frameworks */,
				19BD47801AAD5BA600D44A9D /* Resources */,
			);
			buildRules = (
			);
			dependencies = (
				19BD47841AAD5BA600D44A9D /* PBXTargetDependency */,
			);
			name = angerPraiseTests;
			productName = angerPraiseTests;
			productReference = 19BD47821AAD5BA600D44A9D /* angerPraiseTests.xctest */;
			productType = "com.apple.product-type.bundle.unit-test";
		};
/* End PBXNativeTarget section */

/* Begin PBXProject section */
		19BD47611AAD5BA500D44A9D /* Project object */ = {
			isa = PBXProject;
			attributes = {
				LastUpgradeCheck = 0610;
				ORGANIZATIONNAME = Rex;
				TargetAttributes = {
					19BD47681AAD5BA600D44A9D = {
						CreatedOnToolsVersion = 6.1.1;
					};
					19BD47811AAD5BA600D44A9D = {
						CreatedOnToolsVersion = 6.1.1;
						TestTargetID = 19BD47681AAD5BA600D44A9D;
					};
				};
			};
			buildConfigurationList = 19BD47641AAD5BA500D44A9D /* Build configuration list for PBXProject "angerPraise" */;
			compatibilityVersion = "Xcode 3.2";
			developmentRegion = English;
			hasScannedForEncodings = 0;
			knownRegions = (
				en,
				Base,
			);
			mainGroup = 19BD47601AAD5BA500D44A9D;
			productRefGroup = 19BD476A1AAD5BA600D44A9D /* Products */;
			projectDirPath = "";
			projectRoot = "";
			targets = (
				19BD47681AAD5BA600D44A9D /* angerPraise */,
				19BD47811AAD5BA600D44A9D /* angerPraiseTests */,
			);
		};
/* End PBXProject section */

/* Begin PBXResourcesBuildPhase section */
		19BD47671AAD5BA600D44A9D /* Resources */ = {
			isa = PBXResourcesBuildPhase;
			buildActionMask = 2147483647;
			files = (
				DF826CB21AAECCF200EAC61F /* iOS Simulator Screen shot Oct 17, 2013 4.51.43 PM.png in Resources */,
				DF826CBA1AAECCF200EAC61F /* iOS Simulator Screen shot Oct 17, 2013 4.51.39 PM.png in Resources */,
				19BD47781AAD5BA600D44A9D /* Main.storyboard in Resources */,
				DF826CB51AAECCF200EAC61F /* iOS Simulator Screen shot Oct 17, 2013 3.10.00 PM.png in Resources */,
				DF826CB61AAECCF200EAC61F /* iOS Simulator Screen shot Oct 17, 2013 4.42.36 PM.png in Resources */,
				DF826CB11AAECCF200EAC61F /* iOS Simulator Screen shot Oct 17, 2013 4.51.41 PM.png in Resources */,
				DF826CB01AAECCF200EAC61F /* iOS Simulator Screen shot Oct 17, 2013 4.51.39 PM.png in Resources */,
				DF826CB81AAECCF200EAC61F /* MYBlurIntroductionView.gif in Resources */,
				DF826CB41AAECCF200EAC61F /* iOS Simulator Screen shot Oct 17, 2013 3.09.56 PM.png in Resources */,
				DF826CBB1AAECCF200EAC61F /* iOS Simulator Screen shot Oct 17, 2013 4.51.41 PM.png in Resources */,
				DF826CBC1AAECCF200EAC61F /* iOS Simulator Screen shot Oct 17, 2013 4.51.43 PM.png in Resources */,
				DF826CAF1AAECCF200EAC61F /* iOS Simulator Screen shot Oct 17, 2013 4.51.36 PM.png in Resources */,
				DF826CB31AAECCF200EAC61F /* iOS Simulator Screen shot Oct 17, 2013 3.09.52 PM.png in Resources */,
				19BD477D1AAD5BA600D44A9D /* LaunchScreen.xib in Resources */,
				DF826CB91AAECCF200EAC61F /* iOS Simulator Screen shot Oct 17, 2013 4.51.36 PM.png in Resources */,
				19BD477A1AAD5BA600D44A9D /* Images.xcassets in Resources */,
				DF826CB71AAECCF200EAC61F /* iOS Simulator Screen shot Oct 17, 2013 4.42.38 PM.png in Resources */,
			);
			runOnlyForDeploymentPostprocessing = 0;
		};
		19BD47801AAD5BA600D44A9D /* Resources */ = {
			isa = PBXResourcesBuildPhase;
			buildActionMask = 2147483647;
			files = (
			);
			runOnlyForDeploymentPostprocessing = 0;
		};
/* End PBXResourcesBuildPhase section */

/* Begin PBXSourcesBuildPhase section */
		19BD47651AAD5BA600D44A9D /* Sources */ = {
			isa = PBXSourcesBuildPhase;
			buildActionMask = 2147483647;
			files = (
				19BD479C1AAD7BC600D44A9D /* User.m in Sources */,
				19BD47751AAD5BA600D44A9D /* ViewController.m in Sources */,
				DF826CAE1AAECCF200EAC61F /* MYIntroductionPanel.m in Sources */,
				DF015BF41AAE920D00159C7B /* ImportResumeViewController.m in Sources */,
				DF360C631AAD7EB20090FF51 /* LoginViewController.m in Sources */,
				19BD47721AAD5BA600D44A9D /* AppDelegate.m in Sources */,
				DF360C661AAD7ED10090FF51 /* RegisterViewController.m in Sources */,
				DF015BF71AAE95FB00159C7B /* VirtualImportViewController.m in Sources */,
				DF826CAD1AAECCF200EAC61F /* MYBlurIntroductionView.m in Sources */,
				19BD476F1AAD5BA600D44A9D /* main.m in Sources */,
				19BD47991AAD7BBC00D44A9D /* HomeViewControllers.m in Sources */,
			);
			runOnlyForDeploymentPostprocessing = 0;
		};
		19BD477E1AAD5BA600D44A9D /* Sources */ = {
			isa = PBXSourcesBuildPhase;
			buildActionMask = 2147483647;
			files = (
				19BD47891AAD5BA600D44A9D /* angerPraiseTests.m in Sources */,
			);
			runOnlyForDeploymentPostprocessing = 0;
		};
/* End PBXSourcesBuildPhase section */

/* Begin PBXTargetDependency section */
		19BD47841AAD5BA600D44A9D /* PBXTargetDependency */ = {
			isa = PBXTargetDependency;
			target = 19BD47681AAD5BA600D44A9D /* angerPraise */;
			targetProxy = 19BD47831AAD5BA600D44A9D /* PBXContainerItemProxy */;
		};
/* End PBXTargetDependency section */

/* Begin PBXVariantGroup section */
		19BD47761AAD5BA600D44A9D /* Main.storyboard */ = {
			isa = PBXVariantGroup;
			children = (
				19BD47771AAD5BA600D44A9D /* Base */,
			);
			name = Main.storyboard;
			sourceTree = "<group>";
		};
		19BD477B1AAD5BA600D44A9D /* LaunchScreen.xib */ = {
			isa = PBXVariantGroup;
			children = (
				19BD477C1AAD5BA600D44A9D /* Base */,
			);
			name = LaunchScreen.xib;
			sourceTree = "<group>";
		};
/* End PBXVariantGroup section */

/* Begin XCBuildConfiguration section */
		19BD478A1AAD5BA600D44A9D /* Debug */ = {
			isa = XCBuildConfiguration;
			buildSettings = {
				ALWAYS_SEARCH_USER_PATHS = NO;
				CLANG_CXX_LANGUAGE_STANDARD = "gnu++0x";
				CLANG_CXX_LIBRARY = "libc++";
				CLANG_ENABLE_MODULES = YES;
				CLANG_ENABLE_OBJC_ARC = YES;
				CLANG_WARN_BOOL_CONVERSION = YES;
				CLANG_WARN_CONSTANT_CONVERSION = YES;
				CLANG_WARN_DIRECT_OBJC_ISA_USAGE = YES_ERROR;
				CLANG_WARN_EMPTY_BODY = YES;
				CLANG_WARN_ENUM_CONVERSION = YES;
				CLANG_WARN_INT_CONVERSION = YES;
				CLANG_WARN_OBJC_ROOT_CLASS = YES_ERROR;
				CLANG_WARN_UNREACHABLE_CODE = YES;
				CLANG_WARN__DUPLICATE_METHOD_MATCH = YES;
				"CODE_SIGN_IDENTITY[sdk=iphoneos*]" = "iPhone Developer";
				COPY_PHASE_STRIP = NO;
				ENABLE_STRICT_OBJC_MSGSEND = YES;
				GCC_C_LANGUAGE_STANDARD = gnu99;
				GCC_DYNAMIC_NO_PIC = NO;
				GCC_OPTIMIZATION_LEVEL = 0;
				GCC_PREPROCESSOR_DEFINITIONS = (
					"DEBUG=1",
					"$(inherited)",
				);
				GCC_SYMBOLS_PRIVATE_EXTERN = NO;
				GCC_WARN_64_TO_32_BIT_CONVERSION = YES;
				GCC_WARN_ABOUT_RETURN_TYPE = YES_ERROR;
				GCC_WARN_UNDECLARED_SELECTOR = YES;
				GCC_WARN_UNINITIALIZED_AUTOS = YES_AGGRESSIVE;
				GCC_WARN_UNUSED_FUNCTION = YES;
				GCC_WARN_UNUSED_VARIABLE = YES;
				IPHONEOS_DEPLOYMENT_TARGET = 8.1;
				MTL_ENABLE_DEBUG_INFO = YES;
				ONLY_ACTIVE_ARCH = YES;
				SDKROOT = iphoneos;
			};
			name = Debug;
		};
		19BD478B1AAD5BA600D44A9D /* Release */ = {
			isa = XCBuildConfiguration;
			buildSettings = {
				ALWAYS_SEARCH_USER_PATHS = NO;
				CLANG_CXX_LANGUAGE_STANDARD = "gnu++0x";
				CLANG_CXX_LIBRARY = "libc++";
				CLANG_ENABLE_MODULES = YES;
				CLANG_ENABLE_OBJC_ARC = YES;
				CLANG_WARN_BOOL_CONVERSION = YES;
				CLANG_WARN_CONSTANT_CONVERSION = YES;
				CLANG_WARN_DIRECT_OBJC_ISA_USAGE = YES_ERROR;
				CLANG_WARN_EMPTY_BODY = YES;
				CLANG_WARN_ENUM_CONVERSION = YES;
				CLANG_WARN_INT_CONVERSION = YES;
				CLANG_WARN_OBJC_ROOT_CLASS = YES_ERROR;
				CLANG_WARN_UNREACHABLE_CODE = YES;
				CLANG_WARN__DUPLICATE_METHOD_MATCH = YES;
				"CODE_SIGN_IDENTITY[sdk=iphoneos*]" = "iPhone Developer";
				COPY_PHASE_STRIP = YES;
				ENABLE_NS_ASSERTIONS = NO;
				ENABLE_STRICT_OBJC_MSGSEND = YES;
				GCC_C_LANGUAGE_STANDARD = gnu99;
				GCC_WARN_64_TO_32_BIT_CONVERSION = YES;
				GCC_WARN_ABOUT_RETURN_TYPE = YES_ERROR;
				GCC_WARN_UNDECLARED_SELECTOR = YES;
				GCC_WARN_UNINITIALIZED_AUTOS = YES_AGGRESSIVE;
				GCC_WARN_UNUSED_FUNCTION = YES;
				GCC_WARN_UNUSED_VARIABLE = YES;
				IPHONEOS_DEPLOYMENT_TARGET = 8.1;
				MTL_ENABLE_DEBUG_INFO = NO;
				SDKROOT = iphoneos;
				VALIDATE_PRODUCT = YES;
			};
			name = Release;
		};
		19BD478D1AAD5BA600D44A9D /* Debug */ = {
			isa = XCBuildConfiguration;
			buildSettings = {
				ASSETCATALOG_COMPILER_APPICON_NAME = AppIcon;
				INFOPLIST_FILE = angerPraise/Info.plist;
				IPHONEOS_DEPLOYMENT_TARGET = 8.1;
				LD_RUNPATH_SEARCH_PATHS = "$(inherited) @executable_path/Frameworks";
				PRODUCT_NAME = "$(TARGET_NAME)";
			};
			name = Debug;
		};
		19BD478E1AAD5BA600D44A9D /* Release */ = {
			isa = XCBuildConfiguration;
			buildSettings = {
				ASSETCATALOG_COMPILER_APPICON_NAME = AppIcon;
				INFOPLIST_FILE = angerPraise/Info.plist;
				IPHONEOS_DEPLOYMENT_TARGET = 8.1;
				LD_RUNPATH_SEARCH_PATHS = "$(inherited) @executable_path/Frameworks";
				PRODUCT_NAME = "$(TARGET_NAME)";
			};
			name = Release;
		};
		19BD47901AAD5BA600D44A9D /* Debug */ = {
			isa = XCBuildConfiguration;
			buildSettings = {
				BUNDLE_LOADER = "$(TEST_HOST)";
				FRAMEWORK_SEARCH_PATHS = (
					"$(SDKROOT)/Developer/Library/Frameworks",
					"$(inherited)",
				);
				GCC_PREPROCESSOR_DEFINITIONS = (
					"DEBUG=1",
					"$(inherited)",
				);
				INFOPLIST_FILE = angerPraiseTests/Info.plist;
				LD_RUNPATH_SEARCH_PATHS = "$(inherited) @executable_path/Frameworks @loader_path/Frameworks";
				PRODUCT_NAME = "$(TARGET_NAME)";
				TEST_HOST = "$(BUILT_PRODUCTS_DIR)/angerPraise.app/angerPraise";
			};
			name = Debug;
		};
		19BD47911AAD5BA600D44A9D /* Release */ = {
			isa = XCBuildConfiguration;
			buildSettings = {
				BUNDLE_LOADER = "$(TEST_HOST)";
				FRAMEWORK_SEARCH_PATHS = (
					"$(SDKROOT)/Developer/Library/Frameworks",
					"$(inherited)",
				);
				INFOPLIST_FILE = angerPraiseTests/Info.plist;
				LD_RUNPATH_SEARCH_PATHS = "$(inherited) @executable_path/Frameworks @loader_path/Frameworks";
				PRODUCT_NAME = "$(TARGET_NAME)";
				TEST_HOST = "$(BUILT_PRODUCTS_DIR)/angerPraise.app/angerPraise";
			};
			name = Release;
		};
/* End XCBuildConfiguration section */

/* Begin XCConfigurationList section */
		19BD47641AAD5BA500D44A9D /* Build configuration list for PBXProject "angerPraise" */ = {
			isa = XCConfigurationList;
			buildConfigurations = (
				19BD478A1AAD5BA600D44A9D /* Debug */,
				19BD478B1AAD5BA600D44A9D /* Release */,
			);
			defaultConfigurationIsVisible = 0;
			defaultConfigurationName = Release;
		};
		19BD478C1AAD5BA600D44A9D /* Build configuration list for PBXNativeTarget "angerPraise" */ = {
			isa = XCConfigurationList;
			buildConfigurations = (
				19BD478D1AAD5BA600D44A9D /* Debug */,
				19BD478E1AAD5BA600D44A9D /* Release */,
			);
			defaultConfigurationIsVisible = 0;
			defaultConfigurationName = Release;
		};
		19BD478F1AAD5BA600D44A9D /* Build configuration list for PBXNativeTarget "angerPraiseTests" */ = {
			isa = XCConfigurationList;
			buildConfigurations = (
				19BD47901AAD5BA600D44A9D /* Debug */,
				19BD47911AAD5BA600D44A9D /* Release */,
			);
			defaultConfigurationIsVisible = 0;
			defaultConfigurationName = Release;
		};
/* End XCConfigurationList section */
	};
	rootObject = 19BD47611AAD5BA500D44A9D /* Project object */;
}
